// !$*UTF8*$!
{
	archiveVersion = 1;
	classes = {
	};
	objectVersion = 56;
	objects = {

/* Begin PBXBuildFile section */
		9DC0F4BB2C8599F700334822 /* AppDelegate.swift in Sources */ = {isa = PBXBuildFile; fileRef = 9DC0F4BA2C8599F700334822 /* AppDelegate.swift */; };
		9DC0F4BD2C8599F700334822 /* SceneDelegate.swift in Sources */ = {isa = PBXBuildFile; fileRef = 9DC0F4BC2C8599F700334822 /* SceneDelegate.swift */; };
		9DC0F4BF2C8599F700334822 /* MainTabBarViewController.swift in Sources */ = {isa = PBXBuildFile; fileRef = 9DC0F4BE2C8599F700334822 /* MainTabBarViewController.swift */; };
		9DC0F4C52C8599F700334822 /* TravelTourGuide.xcdatamodeld in Sources */ = {isa = PBXBuildFile; fileRef = 9DC0F4C32C8599F700334822 /* TravelTourGuide.xcdatamodeld */; };
		9DC0F4C72C8599F800334822 /* Assets.xcassets in Resources */ = {isa = PBXBuildFile; fileRef = 9DC0F4C62C8599F800334822 /* Assets.xcassets */; };
		9DC0F4CA2C8599F800334822 /* Base in Resources */ = {isa = PBXBuildFile; fileRef = 9DC0F4C92C8599F800334822 /* Base */; };
		9DC0F4D52C8599F900334822 /* TravelTourGuideTests.swift in Sources */ = {isa = PBXBuildFile; fileRef = 9DC0F4D42C8599F900334822 /* TravelTourGuideTests.swift */; };
		9DC0F4DF2C8599F900334822 /* TravelTourGuideUITests.swift in Sources */ = {isa = PBXBuildFile; fileRef = 9DC0F4DE2C8599F900334822 /* TravelTourGuideUITests.swift */; };
		9DC0F4E12C8599F900334822 /* TravelTourGuideUITestsLaunchTests.swift in Sources */ = {isa = PBXBuildFile; fileRef = 9DC0F4E02C8599F900334822 /* TravelTourGuideUITestsLaunchTests.swift */; };
		9DC0F4F02C85AB9E00334822 /* MainTabBarView.swift in Sources */ = {isa = PBXBuildFile; fileRef = 9DC0F4EF2C85AB9E00334822 /* MainTabBarView.swift */; };
		9DC0F4F32C85AD2000334822 /* HomeViewController.swift in Sources */ = {isa = PBXBuildFile; fileRef = 9DC0F4F22C85AD2000334822 /* HomeViewController.swift */; };
		9DC0F4F52C85AD2900334822 /* SearchViewController.swift in Sources */ = {isa = PBXBuildFile; fileRef = 9DC0F4F42C85AD2900334822 /* SearchViewController.swift */; };
		9DC0F4F72C85AD3100334822 /* PlanViewController.swift in Sources */ = {isa = PBXBuildFile; fileRef = 9DC0F4F62C85AD3100334822 /* PlanViewController.swift */; };
		9DC0F4F92C85AD3D00334822 /* ProfileViewController.swift in Sources */ = {isa = PBXBuildFile; fileRef = 9DC0F4F82C85AD3D00334822 /* ProfileViewController.swift */; };
/* End PBXBuildFile section */

/* Begin PBXContainerItemProxy section */
		9DC0F4D12C8599F900334822 /* PBXContainerItemProxy */ = {
			isa = PBXContainerItemProxy;
			containerPortal = 9DC0F4AF2C8599F700334822 /* Project object */;
			proxyType = 1;
			remoteGlobalIDString = 9DC0F4B62C8599F700334822;
			remoteInfo = TravelTourGuide;
		};
		9DC0F4DB2C8599F900334822 /* PBXContainerItemProxy */ = {
			isa = PBXContainerItemProxy;
			containerPortal = 9DC0F4AF2C8599F700334822 /* Project object */;
			proxyType = 1;
			remoteGlobalIDString = 9DC0F4B62C8599F700334822;
			remoteInfo = TravelTourGuide;
		};
/* End PBXContainerItemProxy section */

/* Begin PBXFileReference section */
		9DC0F4B72C8599F700334822 /* TravelTourGuide.app */ = {isa = PBXFileReference; explicitFileType = wrapper.application; includeInIndex = 0; path = TravelTourGuide.app; sourceTree = BUILT_PRODUCTS_DIR; };
		9DC0F4BA2C8599F700334822 /* AppDelegate.swift */ = {isa = PBXFileReference; lastKnownFileType = sourcecode.swift; path = AppDelegate.swift; sourceTree = "<group>"; };
		9DC0F4BC2C8599F700334822 /* SceneDelegate.swift */ = {isa = PBXFileReference; lastKnownFileType = sourcecode.swift; path = SceneDelegate.swift; sourceTree = "<group>"; };
		9DC0F4BE2C8599F700334822 /* MainTabBarViewController.swift */ = {isa = PBXFileReference; lastKnownFileType = sourcecode.swift; path = MainTabBarViewController.swift; sourceTree = "<group>"; };
		9DC0F4C42C8599F700334822 /* TravelTourGuide.xcdatamodel */ = {isa = PBXFileReference; lastKnownFileType = wrapper.xcdatamodel; path = TravelTourGuide.xcdatamodel; sourceTree = "<group>"; };
		9DC0F4C62C8599F800334822 /* Assets.xcassets */ = {isa = PBXFileReference; lastKnownFileType = folder.assetcatalog; path = Assets.xcassets; sourceTree = "<group>"; };
		9DC0F4C92C8599F800334822 /* Base */ = {isa = PBXFileReference; lastKnownFileType = file.storyboard; name = Base; path = Base.lproj/LaunchScreen.storyboard; sourceTree = "<group>"; };
		9DC0F4CB2C8599F800334822 /* Info.plist */ = {isa = PBXFileReference; lastKnownFileType = text.plist.xml; path = Info.plist; sourceTree = "<group>"; };
		9DC0F4D02C8599F900334822 /* TravelTourGuideTests.xctest */ = {isa = PBXFileReference; explicitFileType = wrapper.cfbundle; includeInIndex = 0; path = TravelTourGuideTests.xctest; sourceTree = BUILT_PRODUCTS_DIR; };
		9DC0F4D42C8599F900334822 /* TravelTourGuideTests.swift */ = {isa = PBXFileReference; lastKnownFileType = sourcecode.swift; path = TravelTourGuideTests.swift; sourceTree = "<group>"; };
		9DC0F4DA2C8599F900334822 /* TravelTourGuideUITests.xctest */ = {isa = PBXFileReference; explicitFileType = wrapper.cfbundle; includeInIndex = 0; path = TravelTourGuideUITests.xctest; sourceTree = BUILT_PRODUCTS_DIR; };
		9DC0F4DE2C8599F900334822 /* TravelTourGuideUITests.swift */ = {isa = PBXFileReference; lastKnownFileType = sourcecode.swift; path = TravelTourGuideUITests.swift; sourceTree = "<group>"; };
		9DC0F4E02C8599F900334822 /* TravelTourGuideUITestsLaunchTests.swift */ = {isa = PBXFileReference; lastKnownFileType = sourcecode.swift; path = TravelTourGuideUITestsLaunchTests.swift; sourceTree = "<group>"; };
		9DC0F4EF2C85AB9E00334822 /* MainTabBarView.swift */ = {isa = PBXFileReference; lastKnownFileType = sourcecode.swift; path = MainTabBarView.swift; sourceTree = "<group>"; };
		9DC0F4F22C85AD2000334822 /* HomeViewController.swift */ = {isa = PBXFileReference; lastKnownFileType = sourcecode.swift; path = HomeViewController.swift; sourceTree = "<group>"; };
		9DC0F4F42C85AD2900334822 /* SearchViewController.swift */ = {isa = PBXFileReference; lastKnownFileType = sourcecode.swift; path = SearchViewController.swift; sourceTree = "<group>"; };
		9DC0F4F62C85AD3100334822 /* PlanViewController.swift */ = {isa = PBXFileReference; lastKnownFileType = sourcecode.swift; path = PlanViewController.swift; sourceTree = "<group>"; };
		9DC0F4F82C85AD3D00334822 /* ProfileViewController.swift */ = {isa = PBXFileReference; lastKnownFileType = sourcecode.swift; path = ProfileViewController.swift; sourceTree = "<group>"; };
/* End PBXFileReference section */

/* Begin PBXFrameworksBuildPhase section */
		9DC0F4B42C8599F700334822 /* Frameworks */ = {
			isa = PBXFrameworksBuildPhase;
			buildActionMask = 2147483647;
			files = (
			);
			runOnlyForDeploymentPostprocessing = 0;
		};
		9DC0F4CD2C8599F900334822 /* Frameworks */ = {
			isa = PBXFrameworksBuildPhase;
			buildActionMask = 2147483647;
			files = (
			);
			runOnlyForDeploymentPostprocessing = 0;
		};
		9DC0F4D72C8599F900334822 /* Frameworks */ = {
			isa = PBXFrameworksBuildPhase;
			buildActionMask = 2147483647;
			files = (
			);
			runOnlyForDeploymentPostprocessing = 0;
		};
/* End PBXFrameworksBuildPhase section */

/* Begin PBXGroup section */
		9DC0F4AE2C8599F700334822 = {
			isa = PBXGroup;
			children = (
				9DC0F4B92C8599F700334822 /* TravelTourGuide */,
				9DC0F4D32C8599F900334822 /* TravelTourGuideTests */,
				9DC0F4DD2C8599F900334822 /* TravelTourGuideUITests */,
				9DC0F4B82C8599F700334822 /* Products */,
			);
			sourceTree = "<group>";
		};
		9DC0F4B82C8599F700334822 /* Products */ = {
			isa = PBXGroup;
			children = (
				9DC0F4B72C8599F700334822 /* TravelTourGuide.app */,
				9DC0F4D02C8599F900334822 /* TravelTourGuideTests.xctest */,
				9DC0F4DA2C8599F900334822 /* TravelTourGuideUITests.xctest */,
			);
			name = Products;
			sourceTree = "<group>";
		};
		9DC0F4B92C8599F700334822 /* TravelTourGuide */ = {
			isa = PBXGroup;
			children = (
				9DC0F4EE2C85A5E200334822 /* Views */,
				9DC0F4ED2C85A5C200334822 /* Controllers */,
				9DC0F4BA2C8599F700334822 /* AppDelegate.swift */,
				9DC0F4BC2C8599F700334822 /* SceneDelegate.swift */,
				9DC0F4C62C8599F800334822 /* Assets.xcassets */,
				9DC0F4C82C8599F800334822 /* LaunchScreen.storyboard */,
				9DC0F4CB2C8599F800334822 /* Info.plist */,
				9DC0F4C32C8599F700334822 /* TravelTourGuide.xcdatamodeld */,
			);
			path = TravelTourGuide;
			sourceTree = "<group>";
		};
		9DC0F4D32C8599F900334822 /* TravelTourGuideTests */ = {
			isa = PBXGroup;
			children = (
				9DC0F4D42C8599F900334822 /* TravelTourGuideTests.swift */,
			);
			path = TravelTourGuideTests;
			sourceTree = "<group>";
		};
		9DC0F4DD2C8599F900334822 /* TravelTourGuideUITests */ = {
			isa = PBXGroup;
			children = (
				9DC0F4DE2C8599F900334822 /* TravelTourGuideUITests.swift */,
				9DC0F4E02C8599F900334822 /* TravelTourGuideUITestsLaunchTests.swift */,
			);
			path = TravelTourGuideUITests;
			sourceTree = "<group>";
		};
		9DC0F4ED2C85A5C200334822 /* Controllers */ = {
			isa = PBXGroup;
			children = (
				9DC0F4FA2C85AD4300334822 /* General */,
				9DC0F4F12C85AC3F00334822 /* Core */,
			);
			path = Controllers;
			sourceTree = "<group>";
		};
		9DC0F4EE2C85A5E200334822 /* Views */ = {
			isa = PBXGroup;
			children = (
				9DC0F4EF2C85AB9E00334822 /* MainTabBarView.swift */,
			);
			path = Views;
			sourceTree = "<group>";
		};
		9DC0F4F12C85AC3F00334822 /* Core */ = {
			isa = PBXGroup;
			children = (
				9DC0F4F22C85AD2000334822 /* HomeViewController.swift */,
				9DC0F4F42C85AD2900334822 /* SearchViewController.swift */,
				9DC0F4F62C85AD3100334822 /* PlanViewController.swift */,
				9DC0F4F82C85AD3D00334822 /* ProfileViewController.swift */,
			);
			path = Core;
			sourceTree = "<group>";
		};
		9DC0F4FA2C85AD4300334822 /* General */ = {
			isa = PBXGroup;
			children = (
				9DC0F4BE2C8599F700334822 /* MainTabBarViewController.swift */,
			);
			path = General;
			sourceTree = "<group>";
		};
/* End PBXGroup section */

/* Begin PBXNativeTarget section */
		9DC0F4B62C8599F700334822 /* TravelTourGuide */ = {
			isa = PBXNativeTarget;
			buildConfigurationList = 9DC0F4E42C8599F900334822 /* Build configuration list for PBXNativeTarget "TravelTourGuide" */;
			buildPhases = (
				9DC0F4B32C8599F700334822 /* Sources */,
				9DC0F4B42C8599F700334822 /* Frameworks */,
				9DC0F4B52C8599F700334822 /* Resources */,
			);
			buildRules = (
			);
			dependencies = (
			);
			name = TravelTourGuide;
			productName = TravelTourGuide;
			productReference = 9DC0F4B72C8599F700334822 /* TravelTourGuide.app */;
			productType = "com.apple.product-type.application";
		};
		9DC0F4CF2C8599F900334822 /* TravelTourGuideTests */ = {
			isa = PBXNativeTarget;
			buildConfigurationList = 9DC0F4E72C8599F900334822 /* Build configuration list for PBXNativeTarget "TravelTourGuideTests" */;
			buildPhases = (
				9DC0F4CC2C8599F900334822 /* Sources */,
				9DC0F4CD2C8599F900334822 /* Frameworks */,
				9DC0F4CE2C8599F900334822 /* Resources */,
			);
			buildRules = (
			);
			dependencies = (
				9DC0F4D22C8599F900334822 /* PBXTargetDependency */,
			);
			name = TravelTourGuideTests;
			productName = TravelTourGuideTests;
			productReference = 9DC0F4D02C8599F900334822 /* TravelTourGuideTests.xctest */;
			productType = "com.apple.product-type.bundle.unit-test";
		};
		9DC0F4D92C8599F900334822 /* TravelTourGuideUITests */ = {
			isa = PBXNativeTarget;
			buildConfigurationList = 9DC0F4EA2C8599F900334822 /* Build configuration list for PBXNativeTarget "TravelTourGuideUITests" */;
			buildPhases = (
				9DC0F4D62C8599F900334822 /* Sources */,
				9DC0F4D72C8599F900334822 /* Frameworks */,
				9DC0F4D82C8599F900334822 /* Resources */,
			);
			buildRules = (
			);
			dependencies = (
				9DC0F4DC2C8599F900334822 /* PBXTargetDependency */,
			);
			name = TravelTourGuideUITests;
			productName = TravelTourGuideUITests;
			productReference = 9DC0F4DA2C8599F900334822 /* TravelTourGuideUITests.xctest */;
			productType = "com.apple.product-type.bundle.ui-testing";
		};
/* End PBXNativeTarget section */

/* Begin PBXProject section */
		9DC0F4AF2C8599F700334822 /* Project object */ = {
			isa = PBXProject;
			attributes = {
				BuildIndependentTargetsInParallel = 1;
				LastSwiftUpdateCheck = 1540;
				LastUpgradeCheck = 1540;
				TargetAttributes = {
					9DC0F4B62C8599F700334822 = {
						CreatedOnToolsVersion = 15.4;
					};
					9DC0F4CF2C8599F900334822 = {
						CreatedOnToolsVersion = 15.4;
						TestTargetID = 9DC0F4B62C8599F700334822;
					};
					9DC0F4D92C8599F900334822 = {
						CreatedOnToolsVersion = 15.4;
						TestTargetID = 9DC0F4B62C8599F700334822;
					};
				};
			};
			buildConfigurationList = 9DC0F4B22C8599F700334822 /* Build configuration list for PBXProject "TravelTourGuide" */;
			compatibilityVersion = "Xcode 14.0";
			developmentRegion = en;
			hasScannedForEncodings = 0;
			knownRegions = (
				en,
				Base,
			);
			mainGroup = 9DC0F4AE2C8599F700334822;
			productRefGroup = 9DC0F4B82C8599F700334822 /* Products */;
			projectDirPath = "";
			projectRoot = "";
			targets = (
				9DC0F4B62C8599F700334822 /* TravelTourGuide */,
				9DC0F4CF2C8599F900334822 /* TravelTourGuideTests */,
				9DC0F4D92C8599F900334822 /* TravelTourGuideUITests */,
			);
		};
/* End PBXProject section */

/* Begin PBXResourcesBuildPhase section */
		9DC0F4B52C8599F700334822 /* Resources */ = {
			isa = PBXResourcesBuildPhase;
			buildActionMask = 2147483647;
			files = (
				9DC0F4C72C8599F800334822 /* Assets.xcassets in Resources */,
				9DC0F4CA2C8599F800334822 /* Base in Resources */,
			);
			runOnlyForDeploymentPostprocessing = 0;
		};
		9DC0F4CE2C8599F900334822 /* Resources */ = {
			isa = PBXResourcesBuildPhase;
			buildActionMask = 2147483647;
			files = (
			);
			runOnlyForDeploymentPostprocessing = 0;
		};
		9DC0F4D82C8599F900334822 /* Resources */ = {
			isa = PBXResourcesBuildPhase;
			buildActionMask = 2147483647;
			files = (
			);
			runOnlyForDeploymentPostprocessing = 0;
		};
/* End PBXResourcesBuildPhase section */

/* Begin PBXSourcesBuildPhase section */
		9DC0F4B32C8599F700334822 /* Sources */ = {
			isa = PBXSourcesBuildPhase;
			buildActionMask = 2147483647;
			files = (
				9DC0F4F02C85AB9E00334822 /* MainTabBarView.swift in Sources */,
				9DC0F4F52C85AD2900334822 /* SearchViewController.swift in Sources */,
				9DC0F4BF2C8599F700334822 /* MainTabBarViewController.swift in Sources */,
				9DC0F4BB2C8599F700334822 /* AppDelegate.swift in Sources */,
				9DC0F4C52C8599F700334822 /* TravelTourGuide.xcdatamodeld in Sources */,
				9DC0F4F72C85AD3100334822 /* PlanViewController.swift in Sources */,
				9DC0F4F92C85AD3D00334822 /* ProfileViewController.swift in Sources */,
				9DC0F4BD2C8599F700334822 /* SceneDelegate.swift in Sources */,
				9DC0F4F32C85AD2000334822 /* HomeViewController.swift in Sources */,
			);
			runOnlyForDeploymentPostprocessing = 0;
		};
		9DC0F4CC2C8599F900334822 /* Sources */ = {
			isa = PBXSourcesBuildPhase;
			buildActionMask = 2147483647;
			files = (
				9DC0F4D52C8599F900334822 /* TravelTourGuideTests.swift in Sources */,
			);
			runOnlyForDeploymentPostprocessing = 0;
		};
		9DC0F4D62C8599F900334822 /* Sources */ = {
			isa = PBXSourcesBuildPhase;
			buildActionMask = 2147483647;
			files = (
				9DC0F4DF2C8599F900334822 /* TravelTourGuideUITests.swift in Sources */,
				9DC0F4E12C8599F900334822 /* TravelTourGuideUITestsLaunchTests.swift in Sources */,
			);
			runOnlyForDeploymentPostprocessing = 0;
		};
/* End PBXSourcesBuildPhase section */

/* Begin PBXTargetDependency section */
		9DC0F4D22C8599F900334822 /* PBXTargetDependency */ = {
			isa = PBXTargetDependency;
			target = 9DC0F4B62C8599F700334822 /* TravelTourGuide */;
			targetProxy = 9DC0F4D12C8599F900334822 /* PBXContainerItemProxy */;
		};
		9DC0F4DC2C8599F900334822 /* PBXTargetDependency */ = {
			isa = PBXTargetDependency;
			target = 9DC0F4B62C8599F700334822 /* TravelTourGuide */;
			targetProxy = 9DC0F4DB2C8599F900334822 /* PBXContainerItemProxy */;
		};
/* End PBXTargetDependency section */

/* Begin PBXVariantGroup section */
		9DC0F4C82C8599F800334822 /* LaunchScreen.storyboard */ = {
			isa = PBXVariantGroup;
			children = (
				9DC0F4C92C8599F800334822 /* Base */,
			);
			name = LaunchScreen.storyboard;
			sourceTree = "<group>";
		};
/* End PBXVariantGroup section */

/* Begin XCBuildConfiguration section */
		9DC0F4E22C8599F900334822 /* Debug */ = {
			isa = XCBuildConfiguration;
			buildSettings = {
				ALWAYS_SEARCH_USER_PATHS = NO;
				ASSETCATALOG_COMPILER_GENERATE_SWIFT_ASSET_SYMBOL_EXTENSIONS = YES;
				CLANG_ANALYZER_NONNULL = YES;
				CLANG_ANALYZER_NUMBER_OBJECT_CONVERSION = YES_AGGRESSIVE;
				CLANG_CXX_LANGUAGE_STANDARD = "gnu++20";
				CLANG_ENABLE_MODULES = YES;
				CLANG_ENABLE_OBJC_ARC = YES;
				CLANG_ENABLE_OBJC_WEAK = YES;
				CLANG_WARN_BLOCK_CAPTURE_AUTORELEASING = YES;
				CLANG_WARN_BOOL_CONVERSION = YES;
				CLANG_WARN_COMMA = YES;
				CLANG_WARN_CONSTANT_CONVERSION = YES;
				CLANG_WARN_DEPRECATED_OBJC_IMPLEMENTATIONS = YES;
				CLANG_WARN_DIRECT_OBJC_ISA_USAGE = YES_ERROR;
				CLANG_WARN_DOCUMENTATION_COMMENTS = YES;
				CLANG_WARN_EMPTY_BODY = YES;
				CLANG_WARN_ENUM_CONVERSION = YES;
				CLANG_WARN_INFINITE_RECURSION = YES;
				CLANG_WARN_INT_CONVERSION = YES;
				CLANG_WARN_NON_LITERAL_NULL_CONVERSION = YES;
				CLANG_WARN_OBJC_IMPLICIT_RETAIN_SELF = YES;
				CLANG_WARN_OBJC_LITERAL_CONVERSION = YES;
				CLANG_WARN_OBJC_ROOT_CLASS = YES_ERROR;
				CLANG_WARN_QUOTED_INCLUDE_IN_FRAMEWORK_HEADER = YES;
				CLANG_WARN_RANGE_LOOP_ANALYSIS = YES;
				CLANG_WARN_STRICT_PROTOTYPES = YES;
				CLANG_WARN_SUSPICIOUS_MOVE = YES;
				CLANG_WARN_UNGUARDED_AVAILABILITY = YES_AGGRESSIVE;
				CLANG_WARN_UNREACHABLE_CODE = YES;
				CLANG_WARN__DUPLICATE_METHOD_MATCH = YES;
				COPY_PHASE_STRIP = NO;
				DEBUG_INFORMATION_FORMAT = dwarf;
				ENABLE_STRICT_OBJC_MSGSEND = YES;
				ENABLE_TESTABILITY = YES;
				ENABLE_USER_SCRIPT_SANDBOXING = YES;
				GCC_C_LANGUAGE_STANDARD = gnu17;
				GCC_DYNAMIC_NO_PIC = NO;
				GCC_NO_COMMON_BLOCKS = YES;
				GCC_OPTIMIZATION_LEVEL = 0;
				GCC_PREPROCESSOR_DEFINITIONS = (
					"DEBUG=1",
					"$(inherited)",
				);
				GCC_WARN_64_TO_32_BIT_CONVERSION = YES;
				GCC_WARN_ABOUT_RETURN_TYPE = YES_ERROR;
				GCC_WARN_UNDECLARED_SELECTOR = YES;
				GCC_WARN_UNINITIALIZED_AUTOS = YES_AGGRESSIVE;
				GCC_WARN_UNUSED_FUNCTION = YES;
				GCC_WARN_UNUSED_VARIABLE = YES;
				IPHONEOS_DEPLOYMENT_TARGET = 17.5;
				LOCALIZATION_PREFERS_STRING_CATALOGS = YES;
				MTL_ENABLE_DEBUG_INFO = INCLUDE_SOURCE;
				MTL_FAST_MATH = YES;
				ONLY_ACTIVE_ARCH = YES;
				SDKROOT = iphoneos;
				SWIFT_ACTIVE_COMPILATION_CONDITIONS = "DEBUG $(inherited)";
				SWIFT_OPTIMIZATION_LEVEL = "-Onone";
			};
			name = Debug;
		};
		9DC0F4E32C8599F900334822 /* Release */ = {
			isa = XCBuildConfiguration;
			buildSettings = {
				ALWAYS_SEARCH_USER_PATHS = NO;
				ASSETCATALOG_COMPILER_GENERATE_SWIFT_ASSET_SYMBOL_EXTENSIONS = YES;
				CLANG_ANALYZER_NONNULL = YES;
				CLANG_ANALYZER_NUMBER_OBJECT_CONVERSION = YES_AGGRESSIVE;
				CLANG_CXX_LANGUAGE_STANDARD = "gnu++20";
				CLANG_ENABLE_MODULES = YES;
				CLANG_ENABLE_OBJC_ARC = YES;
				CLANG_ENABLE_OBJC_WEAK = YES;
				CLANG_WARN_BLOCK_CAPTURE_AUTORELEASING = YES;
				CLANG_WARN_BOOL_CONVERSION = YES;
				CLANG_WARN_COMMA = YES;
				CLANG_WARN_CONSTANT_CONVERSION = YES;
				CLANG_WARN_DEPRECATED_OBJC_IMPLEMENTATIONS = YES;
				CLANG_WARN_DIRECT_OBJC_ISA_USAGE = YES_ERROR;
				CLANG_WARN_DOCUMENTATION_COMMENTS = YES;
				CLANG_WARN_EMPTY_BODY = YES;
				CLANG_WARN_ENUM_CONVERSION = YES;
				CLANG_WARN_INFINITE_RECURSION = YES;
				CLANG_WARN_INT_CONVERSION = YES;
				CLANG_WARN_NON_LITERAL_NULL_CONVERSION = YES;
				CLANG_WARN_OBJC_IMPLICIT_RETAIN_SELF = YES;
				CLANG_WARN_OBJC_LITERAL_CONVERSION = YES;
				CLANG_WARN_OBJC_ROOT_CLASS = YES_ERROR;
				CLANG_WARN_QUOTED_INCLUDE_IN_FRAMEWORK_HEADER = YES;
				CLANG_WARN_RANGE_LOOP_ANALYSIS = YES;
				CLANG_WARN_STRICT_PROTOTYPES = YES;
				CLANG_WARN_SUSPICIOUS_MOVE = YES;
				CLANG_WARN_UNGUARDED_AVAILABILITY = YES_AGGRESSIVE;
				CLANG_WARN_UNREACHABLE_CODE = YES;
				CLANG_WARN__DUPLICATE_METHOD_MATCH = YES;
				COPY_PHASE_STRIP = NO;
				DEBUG_INFORMATION_FORMAT = "dwarf-with-dsym";
				ENABLE_NS_ASSERTIONS = NO;
				ENABLE_STRICT_OBJC_MSGSEND = YES;
				ENABLE_USER_SCRIPT_SANDBOXING = YES;
				GCC_C_LANGUAGE_STANDARD = gnu17;
				GCC_NO_COMMON_BLOCKS = YES;
				GCC_WARN_64_TO_32_BIT_CONVERSION = YES;
				GCC_WARN_ABOUT_RETURN_TYPE = YES_ERROR;
				GCC_WARN_UNDECLARED_SELECTOR = YES;
				GCC_WARN_UNINITIALIZED_AUTOS = YES_AGGRESSIVE;
				GCC_WARN_UNUSED_FUNCTION = YES;
				GCC_WARN_UNUSED_VARIABLE = YES;
				IPHONEOS_DEPLOYMENT_TARGET = 17.5;
				LOCALIZATION_PREFERS_STRING_CATALOGS = YES;
				MTL_ENABLE_DEBUG_INFO = NO;
				MTL_FAST_MATH = YES;
				SDKROOT = iphoneos;
				SWIFT_COMPILATION_MODE = wholemodule;
				VALIDATE_PRODUCT = YES;
			};
			name = Release;
		};
		9DC0F4E52C8599F900334822 /* Debug */ = {
			isa = XCBuildConfiguration;
			buildSettings = {
				ASSETCATALOG_COMPILER_APPICON_NAME = TravelIcon;
				ASSETCATALOG_COMPILER_GLOBAL_ACCENT_COLOR_NAME = AccentColor;
				ASSETCATALOG_COMPILER_INCLUDE_ALL_APPICON_ASSETS = NO;
				CODE_SIGN_STYLE = Automatic;
				CURRENT_PROJECT_VERSION = 1;
				DEVELOPMENT_TEAM = P9NXT375QP;
				GENERATE_INFOPLIST_FILE = YES;
				INFOPLIST_FILE = TravelTourGuide/Info.plist;
				INFOPLIST_KEY_CFBundleDisplayName = TravelTripTour;
				INFOPLIST_KEY_UIApplicationSupportsIndirectInputEvents = YES;
				INFOPLIST_KEY_UILaunchStoryboardName = LaunchScreen;
				INFOPLIST_KEY_UISupportedInterfaceOrientations = UIInterfaceOrientationPortrait;
				IPHONEOS_DEPLOYMENT_TARGET = 17.0;
				LD_RUNPATH_SEARCH_PATHS = (
					"$(inherited)",
					"@executable_path/Frameworks",
				);
				MARKETING_VERSION = 1.0;
				PRODUCT_BUNDLE_IDENTIFIER = com.jungguen.TravelTourGuide;
				PRODUCT_NAME = "$(TARGET_NAME)";
				SUPPORTED_PLATFORMS = "iphoneos iphonesimulator";
				SUPPORTS_MACCATALYST = NO;
				SUPPORTS_MAC_DESIGNED_FOR_IPHONE_IPAD = NO;
				SUPPORTS_XR_DESIGNED_FOR_IPHONE_IPAD = NO;
				SWIFT_EMIT_LOC_STRINGS = YES;
				SWIFT_VERSION = 5.0;
				TARGETED_DEVICE_FAMILY = 1;
			};
			name = Debug;
		};
		9DC0F4E62C8599F900334822 /* Release */ = {
			isa = XCBuildConfiguration;
			buildSettings = {
				ASSETCATALOG_COMPILER_APPICON_NAME = TravelIcon;
				ASSETCATALOG_COMPILER_GLOBAL_ACCENT_COLOR_NAME = AccentColor;
				ASSETCATALOG_COMPILER_INCLUDE_ALL_APPICON_ASSETS = NO;
				CODE_SIGN_STYLE = Automatic;
				CURRENT_PROJECT_VERSION = 1;
				DEVELOPMENT_TEAM = P9NXT375QP;
				GENERATE_INFOPLIST_FILE = YES;
				INFOPLIST_FILE = TravelTourGuide/Info.plist;
				INFOPLIST_KEY_CFBundleDisplayName = TravelTripTour;
				INFOPLIST_KEY_UIApplicationSupportsIndirectInputEvents = YES;
				INFOPLIST_KEY_UILaunchStoryboardName = LaunchScreen;
				INFOPLIST_KEY_UISupportedInterfaceOrientations = UIInterfaceOrientationPortrait;
				IPHONEOS_DEPLOYMENT_TARGET = 17.0;
				LD_RUNPATH_SEARCH_PATHS = (
					"$(inherited)",
					"@executable_path/Frameworks",
				);
				MARKETING_VERSION = 1.0;
				PRODUCT_BUNDLE_IDENTIFIER = com.jungguen.TravelTourGuide;
				PRODUCT_NAME = "$(TARGET_NAME)";
				SUPPORTED_PLATFORMS = "iphoneos iphonesimulator";
				SUPPORTS_MACCATALYST = NO;
				SUPPORTS_MAC_DESIGNED_FOR_IPHONE_IPAD = NO;
				SUPPORTS_XR_DESIGNED_FOR_IPHONE_IPAD = NO;
				SWIFT_EMIT_LOC_STRINGS = YES;
				SWIFT_VERSION = 5.0;
				TARGETED_DEVICE_FAMILY = 1;
			};
			name = Release;
		};
		9DC0F4E82C8599F900334822 /* Debug */ = {
			isa = XCBuildConfiguration;
			buildSettings = {
				ALWAYS_EMBED_SWIFT_STANDARD_LIBRARIES = YES;
				BUNDLE_LOADER = "$(TEST_HOST)";
				CODE_SIGN_STYLE = Automatic;
				CURRENT_PROJECT_VERSION = 1;
				DEVELOPMENT_TEAM = P9NXT375QP;
				GENERATE_INFOPLIST_FILE = YES;
				IPHONEOS_DEPLOYMENT_TARGET = 17.5;
				MARKETING_VERSION = 1.0;
				PRODUCT_BUNDLE_IDENTIFIER = com.jungguen.TravelTourGuideTests;
				PRODUCT_NAME = "$(TARGET_NAME)";
				SWIFT_EMIT_LOC_STRINGS = NO;
				SWIFT_VERSION = 5.0;
				TARGETED_DEVICE_FAMILY = "1,2";
				TEST_HOST = "$(BUILT_PRODUCTS_DIR)/TravelTourGuide.app/$(BUNDLE_EXECUTABLE_FOLDER_PATH)/TravelTourGuide";
			};
			name = Debug;
		};
		9DC0F4E92C8599F900334822 /* Release */ = {
			isa = XCBuildConfiguration;
			buildSettings = {
				ALWAYS_EMBED_SWIFT_STANDARD_LIBRARIES = YES;
				BUNDLE_LOADER = "$(TEST_HOST)";
				CODE_SIGN_STYLE = Automatic;
				CURRENT_PROJECT_VERSION = 1;
				DEVELOPMENT_TEAM = P9NXT375QP;
				GENERATE_INFOPLIST_FILE = YES;
				IPHONEOS_DEPLOYMENT_TARGET = 17.5;
				MARKETING_VERSION = 1.0;
				PRODUCT_BUNDLE_IDENTIFIER = com.jungguen.TravelTourGuideTests;
				PRODUCT_NAME = "$(TARGET_NAME)";
				SWIFT_EMIT_LOC_STRINGS = NO;
				SWIFT_VERSION = 5.0;
				TARGETED_DEVICE_FAMILY = "1,2";
				TEST_HOST = "$(BUILT_PRODUCTS_DIR)/TravelTourGuide.app/$(BUNDLE_EXECUTABLE_FOLDER_PATH)/TravelTourGuide";
			};
			name = Release;
		};
		9DC0F4EB2C8599F900334822 /* Debug */ = {
			isa = XCBuildConfiguration;
			buildSettings = {
				ALWAYS_EMBED_SWIFT_STANDARD_LIBRARIES = YES;
				CODE_SIGN_STYLE = Automatic;
				CURRENT_PROJECT_VERSION = 1;
				DEVELOPMENT_TEAM = P9NXT375QP;
				GENERATE_INFOPLIST_FILE = YES;
				MARKETING_VERSION = 1.0;
				PRODUCT_BUNDLE_IDENTIFIER = com.jungguen.TravelTourGuideUITests;
				PRODUCT_NAME = "$(TARGET_NAME)";
				SWIFT_EMIT_LOC_STRINGS = NO;
				SWIFT_VERSION = 5.0;
				TARGETED_DEVICE_FAMILY = "1,2";
				TEST_TARGET_NAME = TravelTourGuide;
			};
			name = Debug;
		};
		9DC0F4EC2C8599F900334822 /* Release */ = {
			isa = XCBuildConfiguration;
			buildSettings = {
				ALWAYS_EMBED_SWIFT_STANDARD_LIBRARIES = YES;
				CODE_SIGN_STYLE = Automatic;
				CURRENT_PROJECT_VERSION = 1;
				DEVELOPMENT_TEAM = P9NXT375QP;
				GENERATE_INFOPLIST_FILE = YES;
				MARKETING_VERSION = 1.0;
				PRODUCT_BUNDLE_IDENTIFIER = com.jungguen.TravelTourGuideUITests;
				PRODUCT_NAME = "$(TARGET_NAME)";
				SWIFT_EMIT_LOC_STRINGS = NO;
				SWIFT_VERSION = 5.0;
				TARGETED_DEVICE_FAMILY = "1,2";
				TEST_TARGET_NAME = TravelTourGuide;
			};
			name = Release;
		};
/* End XCBuildConfiguration section */

/* Begin XCConfigurationList section */
		9DC0F4B22C8599F700334822 /* Build configuration list for PBXProject "TravelTourGuide" */ = {
			isa = XCConfigurationList;
			buildConfigurations = (
				9DC0F4E22C8599F900334822 /* Debug */,
				9DC0F4E32C8599F900334822 /* Release */,
			);
			defaultConfigurationIsVisible = 0;
			defaultConfigurationName = Release;
		};
		9DC0F4E42C8599F900334822 /* Build configuration list for PBXNativeTarget "TravelTourGuide" */ = {
			isa = XCConfigurationList;
			buildConfigurations = (
				9DC0F4E52C8599F900334822 /* Debug */,
				9DC0F4E62C8599F900334822 /* Release */,
			);
			defaultConfigurationIsVisible = 0;
			defaultConfigurationName = Release;
		};
		9DC0F4E72C8599F900334822 /* Build configuration list for PBXNativeTarget "TravelTourGuideTests" */ = {
			isa = XCConfigurationList;
			buildConfigurations = (
				9DC0F4E82C8599F900334822 /* Debug */,
				9DC0F4E92C8599F900334822 /* Release */,
			);
			defaultConfigurationIsVisible = 0;
			defaultConfigurationName = Release;
		};
		9DC0F4EA2C8599F900334822 /* Build configuration list for PBXNativeTarget "TravelTourGuideUITests" */ = {
			isa = XCConfigurationList;
			buildConfigurations = (
				9DC0F4EB2C8599F900334822 /* Debug */,
				9DC0F4EC2C8599F900334822 /* Release */,
			);
			defaultConfigurationIsVisible = 0;
			defaultConfigurationName = Release;
		};
/* End XCConfigurationList section */

/* Begin XCVersionGroup section */
		9DC0F4C32C8599F700334822 /* TravelTourGuide.xcdatamodeld */ = {
			isa = XCVersionGroup;
			children = (
				9DC0F4C42C8599F700334822 /* TravelTourGuide.xcdatamodel */,
			);
			currentVersion = 9DC0F4C42C8599F700334822 /* TravelTourGuide.xcdatamodel */;
			path = TravelTourGuide.xcdatamodeld;
			sourceTree = "<group>";
			versionGroupType = wrapper.xcdatamodel;
		};
/* End XCVersionGroup section */
	};
	rootObject = 9DC0F4AF2C8599F700334822 /* Project object */;
}
