// !$*UTF8*$!
{
	archiveVersion = 1;
	classes = {
	};
	objectVersion = 56;
	objects = {

/* Begin PBXBuildFile section */
		9D2A731A2C89579C00E34DEE /* ImageResponse.swift in Sources */ = {isa = PBXBuildFile; fileRef = 9D2A73192C89579C00E34DEE /* ImageResponse.swift */; };
		9D2A731D2C8A3AD400E34DEE /* DetailImageCollectionViewCell.swift in Sources */ = {isa = PBXBuildFile; fileRef = 9D2A731C2C8A3AD400E34DEE /* DetailImageCollectionViewCell.swift */; };
		9D2A73202C8AC16C00E34DEE /* DetailInfoTableview.swift in Sources */ = {isa = PBXBuildFile; fileRef = 9D2A731F2C8AC16C00E34DEE /* DetailInfoTableview.swift */; };
		9D2A73232C8B8EDE00E34DEE /* AttractionIntroInfo.swift in Sources */ = {isa = PBXBuildFile; fileRef = 9D2A73222C8B8EDE00E34DEE /* AttractionIntroInfo.swift */; };
		9D2A73252C8BA45E00E34DEE /* DetailInfoTableViewCell.swift in Sources */ = {isa = PBXBuildFile; fileRef = 9D2A73242C8BA45E00E34DEE /* DetailInfoTableViewCell.swift */; };
		9D2A732A2C8D62FA00E34DEE /* HeaderView.swift in Sources */ = {isa = PBXBuildFile; fileRef = 9D2A73292C8D62FA00E34DEE /* HeaderView.swift */; };
		9D2A73302C8E0F2800E34DEE /* UhBee Kang-Ja Bold.ttf in Resources */ = {isa = PBXBuildFile; fileRef = 9D2A732E2C8E0F2700E34DEE /* UhBee Kang-Ja Bold.ttf */; };
		9D2A73312C8E0F2800E34DEE /* UhBee Kang-Ja Bold.ttf in Resources */ = {isa = PBXBuildFile; fileRef = 9D2A732E2C8E0F2700E34DEE /* UhBee Kang-Ja Bold.ttf */; };
		9D2A73322C8E0F2800E34DEE /* UhBee Kang-Ja Bold.ttf in Resources */ = {isa = PBXBuildFile; fileRef = 9D2A732E2C8E0F2700E34DEE /* UhBee Kang-Ja Bold.ttf */; };
		9D2A73332C8E0F2800E34DEE /* UhBee Kang-Ja.ttf in Resources */ = {isa = PBXBuildFile; fileRef = 9D2A732F2C8E0F2700E34DEE /* UhBee Kang-Ja.ttf */; };
		9D2A73342C8E0F2800E34DEE /* UhBee Kang-Ja.ttf in Resources */ = {isa = PBXBuildFile; fileRef = 9D2A732F2C8E0F2700E34DEE /* UhBee Kang-Ja.ttf */; };
		9D2A73352C8E0F2800E34DEE /* UhBee Kang-Ja.ttf in Resources */ = {isa = PBXBuildFile; fileRef = 9D2A732F2C8E0F2700E34DEE /* UhBee Kang-Ja.ttf */; };
		9D2A73382C8E0F5800E34DEE /* Hakgyoansim Chulseokbu TTF L.ttf in Resources */ = {isa = PBXBuildFile; fileRef = 9D2A73362C8E0F5800E34DEE /* Hakgyoansim Chulseokbu TTF L.ttf */; };
		9D2A73392C8E0F5800E34DEE /* Hakgyoansim Chulseokbu TTF L.ttf in Resources */ = {isa = PBXBuildFile; fileRef = 9D2A73362C8E0F5800E34DEE /* Hakgyoansim Chulseokbu TTF L.ttf */; };
		9D2A733A2C8E0F5800E34DEE /* Hakgyoansim Chulseokbu TTF L.ttf in Resources */ = {isa = PBXBuildFile; fileRef = 9D2A73362C8E0F5800E34DEE /* Hakgyoansim Chulseokbu TTF L.ttf */; };
		9D2A733B2C8E0F5800E34DEE /* Hakgyoansim Chulseokbu TTF B.ttf in Resources */ = {isa = PBXBuildFile; fileRef = 9D2A73372C8E0F5800E34DEE /* Hakgyoansim Chulseokbu TTF B.ttf */; };
		9D2A733C2C8E0F5800E34DEE /* Hakgyoansim Chulseokbu TTF B.ttf in Resources */ = {isa = PBXBuildFile; fileRef = 9D2A73372C8E0F5800E34DEE /* Hakgyoansim Chulseokbu TTF B.ttf */; };
		9D2A733D2C8E0F5800E34DEE /* Hakgyoansim Chulseokbu TTF B.ttf in Resources */ = {isa = PBXBuildFile; fileRef = 9D2A73372C8E0F5800E34DEE /* Hakgyoansim Chulseokbu TTF B.ttf */; };
		9D2A733F2C8E106000E34DEE /* ExploreViewController.swift in Sources */ = {isa = PBXBuildFile; fileRef = 9D2A733E2C8E106000E34DEE /* ExploreViewController.swift */; };
		9D2A73402C8E106000E34DEE /* ExploreViewController.swift in Sources */ = {isa = PBXBuildFile; fileRef = 9D2A733E2C8E106000E34DEE /* ExploreViewController.swift */; };
		9D2A73412C8E106000E34DEE /* ExploreViewController.swift in Sources */ = {isa = PBXBuildFile; fileRef = 9D2A733E2C8E106000E34DEE /* ExploreViewController.swift */; };
		9D2A73502C8E1F6000E34DEE /* ExploreBasicScrollView.swift in Sources */ = {isa = PBXBuildFile; fileRef = 9D2A734F2C8E1F6000E34DEE /* ExploreBasicScrollView.swift */; };
		9D2A73512C8E1F6000E34DEE /* ExploreBasicScrollView.swift in Sources */ = {isa = PBXBuildFile; fileRef = 9D2A734F2C8E1F6000E34DEE /* ExploreBasicScrollView.swift */; };
		9D2A73522C8E1F6000E34DEE /* ExploreBasicScrollView.swift in Sources */ = {isa = PBXBuildFile; fileRef = 9D2A734F2C8E1F6000E34DEE /* ExploreBasicScrollView.swift */; };
		9D2A73542C8E202C00E34DEE /* ExploreContentView.swift in Sources */ = {isa = PBXBuildFile; fileRef = 9D2A73532C8E202C00E34DEE /* ExploreContentView.swift */; };
		9D2A73552C8E202C00E34DEE /* ExploreContentView.swift in Sources */ = {isa = PBXBuildFile; fileRef = 9D2A73532C8E202C00E34DEE /* ExploreContentView.swift */; };
		9D2A73562C8E202C00E34DEE /* ExploreContentView.swift in Sources */ = {isa = PBXBuildFile; fileRef = 9D2A73532C8E202C00E34DEE /* ExploreContentView.swift */; };
		9D2A73592C8E24E600E34DEE /* ExploreTitleView.swift in Sources */ = {isa = PBXBuildFile; fileRef = 9D2A73582C8E24E600E34DEE /* ExploreTitleView.swift */; };
		9D2A735A2C8E24E600E34DEE /* ExploreTitleView.swift in Sources */ = {isa = PBXBuildFile; fileRef = 9D2A73582C8E24E600E34DEE /* ExploreTitleView.swift */; };
		9D2A735B2C8E24E600E34DEE /* ExploreTitleView.swift in Sources */ = {isa = PBXBuildFile; fileRef = 9D2A73582C8E24E600E34DEE /* ExploreTitleView.swift */; };
		9D2A73602C8E303F00E34DEE /* ExploreCollectionView.swift in Sources */ = {isa = PBXBuildFile; fileRef = 9D2A735F2C8E303F00E34DEE /* ExploreCollectionView.swift */; };
		9D2A73612C8E303F00E34DEE /* ExploreCollectionView.swift in Sources */ = {isa = PBXBuildFile; fileRef = 9D2A735F2C8E303F00E34DEE /* ExploreCollectionView.swift */; };
		9D2A73622C8E303F00E34DEE /* ExploreCollectionView.swift in Sources */ = {isa = PBXBuildFile; fileRef = 9D2A735F2C8E303F00E34DEE /* ExploreCollectionView.swift */; };
		9D2A73642C8E3B7100E34DEE /* PlaceCategoryCollectionViewCell.swift in Sources */ = {isa = PBXBuildFile; fileRef = 9D2A73632C8E3B7100E34DEE /* PlaceCategoryCollectionViewCell.swift */; };
		9D2A73652C8E3B7100E34DEE /* PlaceCategoryCollectionViewCell.swift in Sources */ = {isa = PBXBuildFile; fileRef = 9D2A73632C8E3B7100E34DEE /* PlaceCategoryCollectionViewCell.swift */; };
		9D2A73662C8E3B7100E34DEE /* PlaceCategoryCollectionViewCell.swift in Sources */ = {isa = PBXBuildFile; fileRef = 9D2A73632C8E3B7100E34DEE /* PlaceCategoryCollectionViewCell.swift */; };
		9D2A73682C8EAEC000E34DEE /* PlaceIntroduceCollectionViewCell.swift in Sources */ = {isa = PBXBuildFile; fileRef = 9D2A73672C8EAEC000E34DEE /* PlaceIntroduceCollectionViewCell.swift */; };
		9D2A73692C8EAEC000E34DEE /* PlaceIntroduceCollectionViewCell.swift in Sources */ = {isa = PBXBuildFile; fileRef = 9D2A73672C8EAEC000E34DEE /* PlaceIntroduceCollectionViewCell.swift */; };
		9D2A736A2C8EAEC000E34DEE /* PlaceIntroduceCollectionViewCell.swift in Sources */ = {isa = PBXBuildFile; fileRef = 9D2A73672C8EAEC000E34DEE /* PlaceIntroduceCollectionViewCell.swift */; };
		9D7186E12C9083CE004C81B9 /* LocationSpotViewController.swift in Sources */ = {isa = PBXBuildFile; fileRef = 9D7186E02C9083CE004C81B9 /* LocationSpotViewController.swift */; };
		9D7186E52C9086C2004C81B9 /* LocationSpotTitleView.swift in Sources */ = {isa = PBXBuildFile; fileRef = 9D7186E42C9086C2004C81B9 /* LocationSpotTitleView.swift */; };
		9D7186E82C908759004C81B9 /* LocationSpotScrollView.swift in Sources */ = {isa = PBXBuildFile; fileRef = 9D7186E72C908759004C81B9 /* LocationSpotScrollView.swift */; };
		9D7186EA2C909924004C81B9 /* LocationSpotContentView.swift in Sources */ = {isa = PBXBuildFile; fileRef = 9D7186E92C909924004C81B9 /* LocationSpotContentView.swift */; };
		9D7186EC2C90B153004C81B9 /* LoadMoreCollectionViewCell.swift in Sources */ = {isa = PBXBuildFile; fileRef = 9D7186EB2C90B153004C81B9 /* LoadMoreCollectionViewCell.swift */; };
		9DC0F4BB2C8599F700334822 /* AppDelegate.swift in Sources */ = {isa = PBXBuildFile; fileRef = 9DC0F4BA2C8599F700334822 /* AppDelegate.swift */; };
		9DC0F4BD2C8599F700334822 /* SceneDelegate.swift in Sources */ = {isa = PBXBuildFile; fileRef = 9DC0F4BC2C8599F700334822 /* SceneDelegate.swift */; };
		9DC0F4BF2C8599F700334822 /* MainTabBarViewController.swift in Sources */ = {isa = PBXBuildFile; fileRef = 9DC0F4BE2C8599F700334822 /* MainTabBarViewController.swift */; };
		9DC0F4C52C8599F700334822 /* TravelTourGuide.xcdatamodeld in Sources */ = {isa = PBXBuildFile; fileRef = 9DC0F4C32C8599F700334822 /* TravelTourGuide.xcdatamodeld */; };
		9DC0F4C72C8599F800334822 /* Assets.xcassets in Resources */ = {isa = PBXBuildFile; fileRef = 9DC0F4C62C8599F800334822 /* Assets.xcassets */; };
		9DC0F4CA2C8599F800334822 /* Base in Resources */ = {isa = PBXBuildFile; fileRef = 9DC0F4C92C8599F800334822 /* Base */; };
		9DC0F4D52C8599F900334822 /* TravelTourGuideTests.swift in Sources */ = {isa = PBXBuildFile; fileRef = 9DC0F4D42C8599F900334822 /* TravelTourGuideTests.swift */; };
		9DC0F4DF2C8599F900334822 /* TravelTourGuideUITests.swift in Sources */ = {isa = PBXBuildFile; fileRef = 9DC0F4DE2C8599F900334822 /* TravelTourGuideUITests.swift */; };
		9DC0F4E12C8599F900334822 /* TravelTourGuideUITestsLaunchTests.swift in Sources */ = {isa = PBXBuildFile; fileRef = 9DC0F4E02C8599F900334822 /* TravelTourGuideUITestsLaunchTests.swift */; };
		9DC0F4F02C85AB9E00334822 /* MainTabBarView.swift in Sources */ = {isa = PBXBuildFile; fileRef = 9DC0F4EF2C85AB9E00334822 /* MainTabBarView.swift */; };
		9DC0F4F32C85AD2000334822 /* HomeViewController.swift in Sources */ = {isa = PBXBuildFile; fileRef = 9DC0F4F22C85AD2000334822 /* HomeViewController.swift */; };
		9DC0F4F52C85AD2900334822 /* SearchViewController.swift in Sources */ = {isa = PBXBuildFile; fileRef = 9DC0F4F42C85AD2900334822 /* SearchViewController.swift */; };
		9DC0F4F72C85AD3100334822 /* PlanViewController.swift in Sources */ = {isa = PBXBuildFile; fileRef = 9DC0F4F62C85AD3100334822 /* PlanViewController.swift */; };
		9DC0F4F92C85AD3D00334822 /* ProfileViewController.swift in Sources */ = {isa = PBXBuildFile; fileRef = 9DC0F4F82C85AD3D00334822 /* ProfileViewController.swift */; };
		9DC0F5002C862D1D00334822 /* CategoryCollectionView.swift in Sources */ = {isa = PBXBuildFile; fileRef = 9DC0F4FF2C862D1D00334822 /* CategoryCollectionView.swift */; };
		9DC0F5042C86310F00334822 /* CategoryCollectionViewCell.swift in Sources */ = {isa = PBXBuildFile; fileRef = 9DC0F5032C86310F00334822 /* CategoryCollectionViewCell.swift */; };
		9DC0F5072C86BE0D00334822 /* MainTableView.swift in Sources */ = {isa = PBXBuildFile; fileRef = 9DC0F5062C86BE0D00334822 /* MainTableView.swift */; };
		9DC0F5092C86C95000334822 /* MainTableViewCell.swift in Sources */ = {isa = PBXBuildFile; fileRef = 9DC0F5082C86C95000334822 /* MainTableViewCell.swift */; };
		9DC0F50E2C875A8F00334822 /* DetailViewController.swift in Sources */ = {isa = PBXBuildFile; fileRef = 9DC0F50D2C875A8F00334822 /* DetailViewController.swift */; };
		9DC0F5102C8761B000334822 /* NetworkManager.swift in Sources */ = {isa = PBXBuildFile; fileRef = 9DC0F50F2C8761AF00334822 /* NetworkManager.swift */; };
		9DC0F5122C8766F800334822 /* AttractionResponse.swift in Sources */ = {isa = PBXBuildFile; fileRef = 9DC0F5112C8766F800334822 /* AttractionResponse.swift */; };
		9DC0F5152C87678700334822 /* SDWebImage in Frameworks */ = {isa = PBXBuildFile; productRef = 9DC0F5142C87678700334822 /* SDWebImage */; };
		9DC0F5172C87678700334822 /* SDWebImageMapKit in Frameworks */ = {isa = PBXBuildFile; productRef = 9DC0F5162C87678700334822 /* SDWebImageMapKit */; };
		9DC0F51A2C87E9EA00334822 /* Extension.swift in Sources */ = {isa = PBXBuildFile; fileRef = 9DC0F5192C87E9EA00334822 /* Extension.swift */; };
		9DC0F51F2C88574300334822 /* DetailHeaderView.swift in Sources */ = {isa = PBXBuildFile; fileRef = 9DC0F51E2C88574300334822 /* DetailHeaderView.swift */; };
		9DC0F5232C88F6C000334822 /* ViewController.swift in Sources */ = {isa = PBXBuildFile; fileRef = 9DC0F5222C88F6C000334822 /* ViewController.swift */; };
/* End PBXBuildFile section */

/* Begin PBXContainerItemProxy section */
		9DC0F4D12C8599F900334822 /* PBXContainerItemProxy */ = {
			isa = PBXContainerItemProxy;
			containerPortal = 9DC0F4AF2C8599F700334822 /* Project object */;
			proxyType = 1;
			remoteGlobalIDString = 9DC0F4B62C8599F700334822;
			remoteInfo = TravelTourGuide;
		};
		9DC0F4DB2C8599F900334822 /* PBXContainerItemProxy */ = {
			isa = PBXContainerItemProxy;
			containerPortal = 9DC0F4AF2C8599F700334822 /* Project object */;
			proxyType = 1;
			remoteGlobalIDString = 9DC0F4B62C8599F700334822;
			remoteInfo = TravelTourGuide;
		};
/* End PBXContainerItemProxy section */

/* Begin PBXFileReference section */
		9D2A73192C89579C00E34DEE /* ImageResponse.swift */ = {isa = PBXFileReference; lastKnownFileType = sourcecode.swift; path = ImageResponse.swift; sourceTree = "<group>"; };
		9D2A731C2C8A3AD400E34DEE /* DetailImageCollectionViewCell.swift */ = {isa = PBXFileReference; lastKnownFileType = sourcecode.swift; path = DetailImageCollectionViewCell.swift; sourceTree = "<group>"; };
		9D2A731F2C8AC16C00E34DEE /* DetailInfoTableview.swift */ = {isa = PBXFileReference; lastKnownFileType = sourcecode.swift; path = DetailInfoTableview.swift; sourceTree = "<group>"; };
		9D2A73222C8B8EDE00E34DEE /* AttractionIntroInfo.swift */ = {isa = PBXFileReference; lastKnownFileType = sourcecode.swift; path = AttractionIntroInfo.swift; sourceTree = "<group>"; };
		9D2A73242C8BA45E00E34DEE /* DetailInfoTableViewCell.swift */ = {isa = PBXFileReference; lastKnownFileType = sourcecode.swift; path = DetailInfoTableViewCell.swift; sourceTree = "<group>"; };
		9D2A73292C8D62FA00E34DEE /* HeaderView.swift */ = {isa = PBXFileReference; lastKnownFileType = sourcecode.swift; path = HeaderView.swift; sourceTree = "<group>"; };
		9D2A732E2C8E0F2700E34DEE /* UhBee Kang-Ja Bold.ttf */ = {isa = PBXFileReference; lastKnownFileType = file; path = "UhBee Kang-Ja Bold.ttf"; sourceTree = "<group>"; };
		9D2A732F2C8E0F2700E34DEE /* UhBee Kang-Ja.ttf */ = {isa = PBXFileReference; lastKnownFileType = file; path = "UhBee Kang-Ja.ttf"; sourceTree = "<group>"; };
		9D2A73362C8E0F5800E34DEE /* Hakgyoansim Chulseokbu TTF L.ttf */ = {isa = PBXFileReference; lastKnownFileType = file; path = "Hakgyoansim Chulseokbu TTF L.ttf"; sourceTree = "<group>"; };
		9D2A73372C8E0F5800E34DEE /* Hakgyoansim Chulseokbu TTF B.ttf */ = {isa = PBXFileReference; lastKnownFileType = file; path = "Hakgyoansim Chulseokbu TTF B.ttf"; sourceTree = "<group>"; };
		9D2A733E2C8E106000E34DEE /* ExploreViewController.swift */ = {isa = PBXFileReference; lastKnownFileType = sourcecode.swift; path = ExploreViewController.swift; sourceTree = "<group>"; };
		9D2A734F2C8E1F6000E34DEE /* ExploreBasicScrollView.swift */ = {isa = PBXFileReference; lastKnownFileType = sourcecode.swift; path = ExploreBasicScrollView.swift; sourceTree = "<group>"; };
		9D2A73532C8E202C00E34DEE /* ExploreContentView.swift */ = {isa = PBXFileReference; lastKnownFileType = sourcecode.swift; path = ExploreContentView.swift; sourceTree = "<group>"; };
		9D2A73582C8E24E600E34DEE /* ExploreTitleView.swift */ = {isa = PBXFileReference; lastKnownFileType = sourcecode.swift; path = ExploreTitleView.swift; sourceTree = "<group>"; };
		9D2A735F2C8E303F00E34DEE /* ExploreCollectionView.swift */ = {isa = PBXFileReference; lastKnownFileType = sourcecode.swift; path = ExploreCollectionView.swift; sourceTree = "<group>"; };
		9D2A73632C8E3B7100E34DEE /* PlaceCategoryCollectionViewCell.swift */ = {isa = PBXFileReference; lastKnownFileType = sourcecode.swift; path = PlaceCategoryCollectionViewCell.swift; sourceTree = "<group>"; };
		9D2A73672C8EAEC000E34DEE /* PlaceIntroduceCollectionViewCell.swift */ = {isa = PBXFileReference; lastKnownFileType = sourcecode.swift; path = PlaceIntroduceCollectionViewCell.swift; sourceTree = "<group>"; };
		9D7186E02C9083CE004C81B9 /* LocationSpotViewController.swift */ = {isa = PBXFileReference; lastKnownFileType = sourcecode.swift; path = LocationSpotViewController.swift; sourceTree = "<group>"; };
		9D7186E42C9086C2004C81B9 /* LocationSpotTitleView.swift */ = {isa = PBXFileReference; lastKnownFileType = sourcecode.swift; path = LocationSpotTitleView.swift; sourceTree = "<group>"; };
		9D7186E72C908759004C81B9 /* LocationSpotScrollView.swift */ = {isa = PBXFileReference; lastKnownFileType = sourcecode.swift; path = LocationSpotScrollView.swift; sourceTree = "<group>"; };
		9D7186E92C909924004C81B9 /* LocationSpotContentView.swift */ = {isa = PBXFileReference; lastKnownFileType = sourcecode.swift; path = LocationSpotContentView.swift; sourceTree = "<group>"; };
		9D7186EB2C90B153004C81B9 /* LoadMoreCollectionViewCell.swift */ = {isa = PBXFileReference; lastKnownFileType = sourcecode.swift; path = LoadMoreCollectionViewCell.swift; sourceTree = "<group>"; };
		9DC0F4B72C8599F700334822 /* TravelTourGuide.app */ = {isa = PBXFileReference; explicitFileType = wrapper.application; includeInIndex = 0; path = TravelTourGuide.app; sourceTree = BUILT_PRODUCTS_DIR; };
		9DC0F4BA2C8599F700334822 /* AppDelegate.swift */ = {isa = PBXFileReference; lastKnownFileType = sourcecode.swift; path = AppDelegate.swift; sourceTree = "<group>"; };
		9DC0F4BC2C8599F700334822 /* SceneDelegate.swift */ = {isa = PBXFileReference; lastKnownFileType = sourcecode.swift; path = SceneDelegate.swift; sourceTree = "<group>"; };
		9DC0F4BE2C8599F700334822 /* MainTabBarViewController.swift */ = {isa = PBXFileReference; lastKnownFileType = sourcecode.swift; path = MainTabBarViewController.swift; sourceTree = "<group>"; };
		9DC0F4C42C8599F700334822 /* TravelTourGuide.xcdatamodel */ = {isa = PBXFileReference; lastKnownFileType = wrapper.xcdatamodel; path = TravelTourGuide.xcdatamodel; sourceTree = "<group>"; };
		9DC0F4C62C8599F800334822 /* Assets.xcassets */ = {isa = PBXFileReference; lastKnownFileType = folder.assetcatalog; path = Assets.xcassets; sourceTree = "<group>"; };
		9DC0F4C92C8599F800334822 /* Base */ = {isa = PBXFileReference; lastKnownFileType = file.storyboard; name = Base; path = Base.lproj/LaunchScreen.storyboard; sourceTree = "<group>"; };
		9DC0F4CB2C8599F800334822 /* Info.plist */ = {isa = PBXFileReference; lastKnownFileType = text.plist.xml; path = Info.plist; sourceTree = "<group>"; };
		9DC0F4D02C8599F900334822 /* TravelTourGuideTests.xctest */ = {isa = PBXFileReference; explicitFileType = wrapper.cfbundle; includeInIndex = 0; path = TravelTourGuideTests.xctest; sourceTree = BUILT_PRODUCTS_DIR; };
		9DC0F4D42C8599F900334822 /* TravelTourGuideTests.swift */ = {isa = PBXFileReference; lastKnownFileType = sourcecode.swift; path = TravelTourGuideTests.swift; sourceTree = "<group>"; };
		9DC0F4DA2C8599F900334822 /* TravelTourGuideUITests.xctest */ = {isa = PBXFileReference; explicitFileType = wrapper.cfbundle; includeInIndex = 0; path = TravelTourGuideUITests.xctest; sourceTree = BUILT_PRODUCTS_DIR; };
		9DC0F4DE2C8599F900334822 /* TravelTourGuideUITests.swift */ = {isa = PBXFileReference; lastKnownFileType = sourcecode.swift; path = TravelTourGuideUITests.swift; sourceTree = "<group>"; };
		9DC0F4E02C8599F900334822 /* TravelTourGuideUITestsLaunchTests.swift */ = {isa = PBXFileReference; lastKnownFileType = sourcecode.swift; path = TravelTourGuideUITestsLaunchTests.swift; sourceTree = "<group>"; };
		9DC0F4EF2C85AB9E00334822 /* MainTabBarView.swift */ = {isa = PBXFileReference; lastKnownFileType = sourcecode.swift; path = MainTabBarView.swift; sourceTree = "<group>"; };
		9DC0F4F22C85AD2000334822 /* HomeViewController.swift */ = {isa = PBXFileReference; lastKnownFileType = sourcecode.swift; path = HomeViewController.swift; sourceTree = "<group>"; };
		9DC0F4F42C85AD2900334822 /* SearchViewController.swift */ = {isa = PBXFileReference; lastKnownFileType = sourcecode.swift; path = SearchViewController.swift; sourceTree = "<group>"; };
		9DC0F4F62C85AD3100334822 /* PlanViewController.swift */ = {isa = PBXFileReference; lastKnownFileType = sourcecode.swift; path = PlanViewController.swift; sourceTree = "<group>"; };
		9DC0F4F82C85AD3D00334822 /* ProfileViewController.swift */ = {isa = PBXFileReference; lastKnownFileType = sourcecode.swift; path = ProfileViewController.swift; sourceTree = "<group>"; };
		9DC0F4FF2C862D1D00334822 /* CategoryCollectionView.swift */ = {isa = PBXFileReference; lastKnownFileType = sourcecode.swift; path = CategoryCollectionView.swift; sourceTree = "<group>"; };
		9DC0F5032C86310F00334822 /* CategoryCollectionViewCell.swift */ = {isa = PBXFileReference; lastKnownFileType = sourcecode.swift; path = CategoryCollectionViewCell.swift; sourceTree = "<group>"; };
		9DC0F5062C86BE0D00334822 /* MainTableView.swift */ = {isa = PBXFileReference; lastKnownFileType = sourcecode.swift; path = MainTableView.swift; sourceTree = "<group>"; };
		9DC0F5082C86C95000334822 /* MainTableViewCell.swift */ = {isa = PBXFileReference; lastKnownFileType = sourcecode.swift; path = MainTableViewCell.swift; sourceTree = "<group>"; };
		9DC0F50D2C875A8F00334822 /* DetailViewController.swift */ = {isa = PBXFileReference; lastKnownFileType = sourcecode.swift; path = DetailViewController.swift; sourceTree = "<group>"; };
		9DC0F50F2C8761AF00334822 /* NetworkManager.swift */ = {isa = PBXFileReference; lastKnownFileType = sourcecode.swift; path = NetworkManager.swift; sourceTree = "<group>"; };
		9DC0F5112C8766F800334822 /* AttractionResponse.swift */ = {isa = PBXFileReference; lastKnownFileType = sourcecode.swift; path = AttractionResponse.swift; sourceTree = "<group>"; };
		9DC0F5192C87E9EA00334822 /* Extension.swift */ = {isa = PBXFileReference; lastKnownFileType = sourcecode.swift; path = Extension.swift; sourceTree = "<group>"; };
		9DC0F51E2C88574300334822 /* DetailHeaderView.swift */ = {isa = PBXFileReference; lastKnownFileType = sourcecode.swift; path = DetailHeaderView.swift; sourceTree = "<group>"; };
		9DC0F5222C88F6C000334822 /* ViewController.swift */ = {isa = PBXFileReference; lastKnownFileType = sourcecode.swift; path = ViewController.swift; sourceTree = "<group>"; };
/* End PBXFileReference section */

/* Begin PBXFrameworksBuildPhase section */
		9DC0F4B42C8599F700334822 /* Frameworks */ = {
			isa = PBXFrameworksBuildPhase;
			buildActionMask = 2147483647;
			files = (
				9DC0F5172C87678700334822 /* SDWebImageMapKit in Frameworks */,
				9DC0F5152C87678700334822 /* SDWebImage in Frameworks */,
			);
			runOnlyForDeploymentPostprocessing = 0;
		};
		9DC0F4CD2C8599F900334822 /* Frameworks */ = {
			isa = PBXFrameworksBuildPhase;
			buildActionMask = 2147483647;
			files = (
			);
			runOnlyForDeploymentPostprocessing = 0;
		};
		9DC0F4D72C8599F900334822 /* Frameworks */ = {
			isa = PBXFrameworksBuildPhase;
			buildActionMask = 2147483647;
			files = (
			);
			runOnlyForDeploymentPostprocessing = 0;
		};
/* End PBXFrameworksBuildPhase section */

/* Begin PBXGroup section */
		9D2A731B2C8A3A9300E34DEE /* CollectionView */ = {
			isa = PBXGroup;
			children = (
				9D2A731C2C8A3AD400E34DEE /* DetailImageCollectionViewCell.swift */,
			);
			path = CollectionView;
			sourceTree = "<group>";
		};
		9D2A731E2C8AC0AB00E34DEE /* InfoView */ = {
			isa = PBXGroup;
			children = (
				9D2A731F2C8AC16C00E34DEE /* DetailInfoTableview.swift */,
				9D2A73242C8BA45E00E34DEE /* DetailInfoTableViewCell.swift */,
			);
			path = InfoView;
			sourceTree = "<group>";
		};
		9D2A73212C8B8E9E00E34DEE /* IntroInformation */ = {
			isa = PBXGroup;
			children = (
				9D2A73222C8B8EDE00E34DEE /* AttractionIntroInfo.swift */,
			);
			path = IntroInformation;
			sourceTree = "<group>";
		};
		9D2A73272C8CBEA600E34DEE /* ContentView */ = {
			isa = PBXGroup;
			children = (
			);
			path = ContentView;
			sourceTree = "<group>";
		};
		9D2A73282C8CBEAC00E34DEE /* FooterView */ = {
			isa = PBXGroup;
			children = (
			);
			path = FooterView;
			sourceTree = "<group>";
		};
		9D2A732B2C8E0AB300E34DEE /* Font */ = {
			isa = PBXGroup;
			children = (
				9D2A732E2C8E0F2700E34DEE /* UhBee Kang-Ja Bold.ttf */,
				9D2A732F2C8E0F2700E34DEE /* UhBee Kang-Ja.ttf */,
				9D2A73372C8E0F5800E34DEE /* Hakgyoansim Chulseokbu TTF B.ttf */,
				9D2A73362C8E0F5800E34DEE /* Hakgyoansim Chulseokbu TTF L.ttf */,
			);
			path = Font;
			sourceTree = "<group>";
		};
		9D2A73422C8E1B4300E34DEE /* Explore */ = {
			isa = PBXGroup;
			children = (
				9D2A73572C8E23F100E34DEE /* backgroundView */,
				9D2A735E2C8E2FC500E34DEE /* CollectionView */,
				9D2A736B2C8FF7EB00E34DEE /* TableView */,
				9D2A735D2C8E275500E34DEE /* TitleView */,
			);
			path = Explore;
			sourceTree = "<group>";
		};
		9D2A73432C8E1B5000E34DEE /* General */ = {
			isa = PBXGroup;
			children = (
				9DC0F4FB2C861F5600334822 /* TabBarView */,
			);
			path = General;
			sourceTree = "<group>";
		};
		9D2A73442C8E1B5B00E34DEE /* Core */ = {
			isa = PBXGroup;
			children = (
				9D7186E22C90866F004C81B9 /* LocationSpot */,
				9D2A73422C8E1B4300E34DEE /* Explore */,
			);
			path = Core;
			sourceTree = "<group>";
		};
		9D2A73572C8E23F100E34DEE /* backgroundView */ = {
			isa = PBXGroup;
			children = (
				9D2A734F2C8E1F6000E34DEE /* ExploreBasicScrollView.swift */,
				9D2A73532C8E202C00E34DEE /* ExploreContentView.swift */,
			);
			path = backgroundView;
			sourceTree = "<group>";
		};
		9D2A735D2C8E275500E34DEE /* TitleView */ = {
			isa = PBXGroup;
			children = (
				9D2A73582C8E24E600E34DEE /* ExploreTitleView.swift */,
			);
			path = TitleView;
			sourceTree = "<group>";
		};
		9D2A735E2C8E2FC500E34DEE /* CollectionView */ = {
			isa = PBXGroup;
			children = (
				9D2A735F2C8E303F00E34DEE /* ExploreCollectionView.swift */,
				9D2A73632C8E3B7100E34DEE /* PlaceCategoryCollectionViewCell.swift */,
				9D2A73672C8EAEC000E34DEE /* PlaceIntroduceCollectionViewCell.swift */,
				9D7186EB2C90B153004C81B9 /* LoadMoreCollectionViewCell.swift */,
			);
			path = CollectionView;
			sourceTree = "<group>";
		};
		9D2A736B2C8FF7EB00E34DEE /* TableView */ = {
			isa = PBXGroup;
			children = (
			);
			path = TableView;
			sourceTree = "<group>";
		};
		9D7186E22C90866F004C81B9 /* LocationSpot */ = {
			isa = PBXGroup;
			children = (
				9D7186E62C908704004C81B9 /* BasicView */,
				9D7186E32C908690004C81B9 /* TitleView */,
			);
			path = LocationSpot;
			sourceTree = "<group>";
		};
		9D7186E32C908690004C81B9 /* TitleView */ = {
			isa = PBXGroup;
			children = (
				9D7186E42C9086C2004C81B9 /* LocationSpotTitleView.swift */,
			);
			path = TitleView;
			sourceTree = "<group>";
		};
		9D7186E62C908704004C81B9 /* BasicView */ = {
			isa = PBXGroup;
			children = (
				9D7186E72C908759004C81B9 /* LocationSpotScrollView.swift */,
				9D7186E92C909924004C81B9 /* LocationSpotContentView.swift */,
			);
			path = BasicView;
			sourceTree = "<group>";
		};
		9DC0F4AE2C8599F700334822 = {
			isa = PBXGroup;
			children = (
				9DC0F4B92C8599F700334822 /* TravelTourGuide */,
				9DC0F4D32C8599F900334822 /* TravelTourGuideTests */,
				9DC0F4DD2C8599F900334822 /* TravelTourGuideUITests */,
				9DC0F4B82C8599F700334822 /* Products */,
			);
			sourceTree = "<group>";
		};
		9DC0F4B82C8599F700334822 /* Products */ = {
			isa = PBXGroup;
			children = (
				9DC0F4B72C8599F700334822 /* TravelTourGuide.app */,
				9DC0F4D02C8599F900334822 /* TravelTourGuideTests.xctest */,
				9DC0F4DA2C8599F900334822 /* TravelTourGuideUITests.xctest */,
			);
			name = Products;
			sourceTree = "<group>";
		};
		9DC0F4B92C8599F700334822 /* TravelTourGuide */ = {
			isa = PBXGroup;
			children = (
				9DC0F5182C87E9DD00334822 /* Resource */,
				9DC0F50B2C875A3E00334822 /* Network */,
				9DC0F50A2C875A3600334822 /* Models */,
				9DC0F4EE2C85A5E200334822 /* Views */,
				9DC0F4ED2C85A5C200334822 /* Controllers */,
				9DC0F4BA2C8599F700334822 /* AppDelegate.swift */,
				9DC0F4BC2C8599F700334822 /* SceneDelegate.swift */,
				9DC0F4C62C8599F800334822 /* Assets.xcassets */,
				9DC0F4C82C8599F800334822 /* LaunchScreen.storyboard */,
				9DC0F4CB2C8599F800334822 /* Info.plist */,
				9DC0F4C32C8599F700334822 /* TravelTourGuide.xcdatamodeld */,
			);
			path = TravelTourGuide;
			sourceTree = "<group>";
		};
		9DC0F4D32C8599F900334822 /* TravelTourGuideTests */ = {
			isa = PBXGroup;
			children = (
				9DC0F4D42C8599F900334822 /* TravelTourGuideTests.swift */,
			);
			path = TravelTourGuideTests;
			sourceTree = "<group>";
		};
		9DC0F4DD2C8599F900334822 /* TravelTourGuideUITests */ = {
			isa = PBXGroup;
			children = (
				9DC0F4DE2C8599F900334822 /* TravelTourGuideUITests.swift */,
				9DC0F4E02C8599F900334822 /* TravelTourGuideUITestsLaunchTests.swift */,
			);
			path = TravelTourGuideUITests;
			sourceTree = "<group>";
		};
		9DC0F4ED2C85A5C200334822 /* Controllers */ = {
			isa = PBXGroup;
			children = (
				9DC0F5202C88F6A500334822 /* ETC */,
				9DC0F4FA2C85AD4300334822 /* General */,
				9DC0F4F12C85AC3F00334822 /* Core */,
			);
			path = Controllers;
			sourceTree = "<group>";
		};
		9DC0F4EE2C85A5E200334822 /* Views */ = {
			isa = PBXGroup;
			children = (
				9D2A73442C8E1B5B00E34DEE /* Core */,
				9D2A73432C8E1B5000E34DEE /* General */,
				9DC0F51C2C8856FF00334822 /* HomeView */,
				9DC0F51B2C8856F300334822 /* DetailView */,
			);
			path = Views;
			sourceTree = "<group>";
		};
		9DC0F4F12C85AC3F00334822 /* Core */ = {
			isa = PBXGroup;
			children = (
				9D7186E02C9083CE004C81B9 /* LocationSpotViewController.swift */,
				9D2A733E2C8E106000E34DEE /* ExploreViewController.swift */,
				9DC0F4F22C85AD2000334822 /* HomeViewController.swift */,
				9DC0F4F42C85AD2900334822 /* SearchViewController.swift */,
				9DC0F4F62C85AD3100334822 /* PlanViewController.swift */,
				9DC0F4F82C85AD3D00334822 /* ProfileViewController.swift */,
			);
			path = Core;
			sourceTree = "<group>";
		};
		9DC0F4FA2C85AD4300334822 /* General */ = {
			isa = PBXGroup;
			children = (
				9DC0F4BE2C8599F700334822 /* MainTabBarViewController.swift */,
				9DC0F50D2C875A8F00334822 /* DetailViewController.swift */,
			);
			path = General;
			sourceTree = "<group>";
		};
		9DC0F4FB2C861F5600334822 /* TabBarView */ = {
			isa = PBXGroup;
			children = (
				9DC0F4EF2C85AB9E00334822 /* MainTabBarView.swift */,
			);
			path = TabBarView;
			sourceTree = "<group>";
		};
		9DC0F4FC2C861FC200334822 /* HeaderView */ = {
			isa = PBXGroup;
			children = (
				9D2A73292C8D62FA00E34DEE /* HeaderView.swift */,
			);
			path = HeaderView;
			sourceTree = "<group>";
		};
		9DC0F4FD2C862CF600334822 /* CollectionView */ = {
			isa = PBXGroup;
			children = (
				9DC0F4FE2C862D0100334822 /* Category */,
			);
			path = CollectionView;
			sourceTree = "<group>";
		};
		9DC0F4FE2C862D0100334822 /* Category */ = {
			isa = PBXGroup;
			children = (
				9DC0F4FF2C862D1D00334822 /* CategoryCollectionView.swift */,
				9DC0F5032C86310F00334822 /* CategoryCollectionViewCell.swift */,
			);
			path = Category;
			sourceTree = "<group>";
		};
		9DC0F5052C86BDB300334822 /* TableView */ = {
			isa = PBXGroup;
			children = (
				9DC0F5062C86BE0D00334822 /* MainTableView.swift */,
				9DC0F5082C86C95000334822 /* MainTableViewCell.swift */,
			);
			path = TableView;
			sourceTree = "<group>";
		};
		9DC0F50A2C875A3600334822 /* Models */ = {
			isa = PBXGroup;
			children = (
				9D2A73212C8B8E9E00E34DEE /* IntroInformation */,
				9DC0F5112C8766F800334822 /* AttractionResponse.swift */,
				9D2A73192C89579C00E34DEE /* ImageResponse.swift */,
			);
			path = Models;
			sourceTree = "<group>";
		};
		9DC0F50B2C875A3E00334822 /* Network */ = {
			isa = PBXGroup;
			children = (
				9DC0F50F2C8761AF00334822 /* NetworkManager.swift */,
			);
			path = Network;
			sourceTree = "<group>";
		};
		9DC0F5182C87E9DD00334822 /* Resource */ = {
			isa = PBXGroup;
			children = (
				9D2A732B2C8E0AB300E34DEE /* Font */,
				9DC0F5192C87E9EA00334822 /* Extension.swift */,
			);
			path = Resource;
			sourceTree = "<group>";
		};
		9DC0F51B2C8856F300334822 /* DetailView */ = {
			isa = PBXGroup;
			children = (
				9D2A731E2C8AC0AB00E34DEE /* InfoView */,
				9D2A731B2C8A3A9300E34DEE /* CollectionView */,
				9DC0F51D2C88573000334822 /* HeaderView */,
			);
			path = DetailView;
			sourceTree = "<group>";
		};
		9DC0F51C2C8856FF00334822 /* HomeView */ = {
			isa = PBXGroup;
			children = (
				9DC0F4FC2C861FC200334822 /* HeaderView */,
				9D2A73272C8CBEA600E34DEE /* ContentView */,
				9D2A73282C8CBEAC00E34DEE /* FooterView */,
				9DC0F4FD2C862CF600334822 /* CollectionView */,
				9DC0F5052C86BDB300334822 /* TableView */,
			);
			path = HomeView;
			sourceTree = "<group>";
		};
		9DC0F51D2C88573000334822 /* HeaderView */ = {
			isa = PBXGroup;
			children = (
				9DC0F51E2C88574300334822 /* DetailHeaderView.swift */,
			);
			path = HeaderView;
			sourceTree = "<group>";
		};
		9DC0F5202C88F6A500334822 /* ETC */ = {
			isa = PBXGroup;
			children = (
				9DC0F5222C88F6C000334822 /* ViewController.swift */,
			);
			path = ETC;
			sourceTree = "<group>";
		};
/* End PBXGroup section */

/* Begin PBXNativeTarget section */
		9DC0F4B62C8599F700334822 /* TravelTourGuide */ = {
			isa = PBXNativeTarget;
			buildConfigurationList = 9DC0F4E42C8599F900334822 /* Build configuration list for PBXNativeTarget "TravelTourGuide" */;
			buildPhases = (
				9DC0F4B32C8599F700334822 /* Sources */,
				9DC0F4B42C8599F700334822 /* Frameworks */,
				9DC0F4B52C8599F700334822 /* Resources */,
			);
			buildRules = (
			);
			dependencies = (
			);
			name = TravelTourGuide;
			packageProductDependencies = (
				9DC0F5142C87678700334822 /* SDWebImage */,
				9DC0F5162C87678700334822 /* SDWebImageMapKit */,
			);
			productName = TravelTourGuide;
			productReference = 9DC0F4B72C8599F700334822 /* TravelTourGuide.app */;
			productType = "com.apple.product-type.application";
		};
		9DC0F4CF2C8599F900334822 /* TravelTourGuideTests */ = {
			isa = PBXNativeTarget;
			buildConfigurationList = 9DC0F4E72C8599F900334822 /* Build configuration list for PBXNativeTarget "TravelTourGuideTests" */;
			buildPhases = (
				9DC0F4CC2C8599F900334822 /* Sources */,
				9DC0F4CD2C8599F900334822 /* Frameworks */,
				9DC0F4CE2C8599F900334822 /* Resources */,
			);
			buildRules = (
			);
			dependencies = (
				9DC0F4D22C8599F900334822 /* PBXTargetDependency */,
			);
			name = TravelTourGuideTests;
			productName = TravelTourGuideTests;
			productReference = 9DC0F4D02C8599F900334822 /* TravelTourGuideTests.xctest */;
			productType = "com.apple.product-type.bundle.unit-test";
		};
		9DC0F4D92C8599F900334822 /* TravelTourGuideUITests */ = {
			isa = PBXNativeTarget;
			buildConfigurationList = 9DC0F4EA2C8599F900334822 /* Build configuration list for PBXNativeTarget "TravelTourGuideUITests" */;
			buildPhases = (
				9DC0F4D62C8599F900334822 /* Sources */,
				9DC0F4D72C8599F900334822 /* Frameworks */,
				9DC0F4D82C8599F900334822 /* Resources */,
			);
			buildRules = (
			);
			dependencies = (
				9DC0F4DC2C8599F900334822 /* PBXTargetDependency */,
			);
			name = TravelTourGuideUITests;
			productName = TravelTourGuideUITests;
			productReference = 9DC0F4DA2C8599F900334822 /* TravelTourGuideUITests.xctest */;
			productType = "com.apple.product-type.bundle.ui-testing";
		};
/* End PBXNativeTarget section */

/* Begin PBXProject section */
		9DC0F4AF2C8599F700334822 /* Project object */ = {
			isa = PBXProject;
			attributes = {
				BuildIndependentTargetsInParallel = 1;
				LastSwiftUpdateCheck = 1540;
				LastUpgradeCheck = 1540;
				TargetAttributes = {
					9DC0F4B62C8599F700334822 = {
						CreatedOnToolsVersion = 15.4;
					};
					9DC0F4CF2C8599F900334822 = {
						CreatedOnToolsVersion = 15.4;
						TestTargetID = 9DC0F4B62C8599F700334822;
					};
					9DC0F4D92C8599F900334822 = {
						CreatedOnToolsVersion = 15.4;
						TestTargetID = 9DC0F4B62C8599F700334822;
					};
				};
			};
			buildConfigurationList = 9DC0F4B22C8599F700334822 /* Build configuration list for PBXProject "TravelTourGuide" */;
			compatibilityVersion = "Xcode 14.0";
			developmentRegion = en;
			hasScannedForEncodings = 0;
			knownRegions = (
				en,
				Base,
			);
			mainGroup = 9DC0F4AE2C8599F700334822;
			packageReferences = (
				9DC0F5132C87678700334822 /* XCRemoteSwiftPackageReference "SDWebImage" */,
			);
			productRefGroup = 9DC0F4B82C8599F700334822 /* Products */;
			projectDirPath = "";
			projectRoot = "";
			targets = (
				9DC0F4B62C8599F700334822 /* TravelTourGuide */,
				9DC0F4CF2C8599F900334822 /* TravelTourGuideTests */,
				9DC0F4D92C8599F900334822 /* TravelTourGuideUITests */,
			);
		};
/* End PBXProject section */

/* Begin PBXResourcesBuildPhase section */
		9DC0F4B52C8599F700334822 /* Resources */ = {
			isa = PBXResourcesBuildPhase;
			buildActionMask = 2147483647;
			files = (
				9D2A733B2C8E0F5800E34DEE /* Hakgyoansim Chulseokbu TTF B.ttf in Resources */,
				9DC0F4C72C8599F800334822 /* Assets.xcassets in Resources */,
				9D2A73382C8E0F5800E34DEE /* Hakgyoansim Chulseokbu TTF L.ttf in Resources */,
				9D2A73302C8E0F2800E34DEE /* UhBee Kang-Ja Bold.ttf in Resources */,
				9DC0F4CA2C8599F800334822 /* Base in Resources */,
				9D2A73332C8E0F2800E34DEE /* UhBee Kang-Ja.ttf in Resources */,
			);
			runOnlyForDeploymentPostprocessing = 0;
		};
		9DC0F4CE2C8599F900334822 /* Resources */ = {
			isa = PBXResourcesBuildPhase;
			buildActionMask = 2147483647;
			files = (
				9D2A733C2C8E0F5800E34DEE /* Hakgyoansim Chulseokbu TTF B.ttf in Resources */,
				9D2A73392C8E0F5800E34DEE /* Hakgyoansim Chulseokbu TTF L.ttf in Resources */,
				9D2A73312C8E0F2800E34DEE /* UhBee Kang-Ja Bold.ttf in Resources */,
				9D2A73342C8E0F2800E34DEE /* UhBee Kang-Ja.ttf in Resources */,
			);
			runOnlyForDeploymentPostprocessing = 0;
		};
		9DC0F4D82C8599F900334822 /* Resources */ = {
			isa = PBXResourcesBuildPhase;
			buildActionMask = 2147483647;
			files = (
				9D2A733D2C8E0F5800E34DEE /* Hakgyoansim Chulseokbu TTF B.ttf in Resources */,
				9D2A733A2C8E0F5800E34DEE /* Hakgyoansim Chulseokbu TTF L.ttf in Resources */,
				9D2A73322C8E0F2800E34DEE /* UhBee Kang-Ja Bold.ttf in Resources */,
				9D2A73352C8E0F2800E34DEE /* UhBee Kang-Ja.ttf in Resources */,
			);
			runOnlyForDeploymentPostprocessing = 0;
		};
/* End PBXResourcesBuildPhase section */

/* Begin PBXSourcesBuildPhase section */
		9DC0F4B32C8599F700334822 /* Sources */ = {
			isa = PBXSourcesBuildPhase;
			buildActionMask = 2147483647;
			files = (
				9DC0F5072C86BE0D00334822 /* MainTableView.swift in Sources */,
				9DC0F5002C862D1D00334822 /* CategoryCollectionView.swift in Sources */,
				9D2A731A2C89579C00E34DEE /* ImageResponse.swift in Sources */,
				9D2A731D2C8A3AD400E34DEE /* DetailImageCollectionViewCell.swift in Sources */,
				9D2A73502C8E1F6000E34DEE /* ExploreBasicScrollView.swift in Sources */,
				9DC0F4F02C85AB9E00334822 /* MainTabBarView.swift in Sources */,
				9DC0F4F52C85AD2900334822 /* SearchViewController.swift in Sources */,
				9DC0F5102C8761B000334822 /* NetworkManager.swift in Sources */,
				9D2A73602C8E303F00E34DEE /* ExploreCollectionView.swift in Sources */,
				9DC0F4BF2C8599F700334822 /* MainTabBarViewController.swift in Sources */,
				9D2A73252C8BA45E00E34DEE /* DetailInfoTableViewCell.swift in Sources */,
				9D7186EC2C90B153004C81B9 /* LoadMoreCollectionViewCell.swift in Sources */,
				9D7186E82C908759004C81B9 /* LocationSpotScrollView.swift in Sources */,
				9DC0F5042C86310F00334822 /* CategoryCollectionViewCell.swift in Sources */,
				9D7186EA2C909924004C81B9 /* LocationSpotContentView.swift in Sources */,
				9D7186E52C9086C2004C81B9 /* LocationSpotTitleView.swift in Sources */,
				9D2A733F2C8E106000E34DEE /* ExploreViewController.swift in Sources */,
				9DC0F4BB2C8599F700334822 /* AppDelegate.swift in Sources */,
				9DC0F4C52C8599F700334822 /* TravelTourGuide.xcdatamodeld in Sources */,
				9DC0F51F2C88574300334822 /* DetailHeaderView.swift in Sources */,
				9D7186E12C9083CE004C81B9 /* LocationSpotViewController.swift in Sources */,
				9D2A73592C8E24E600E34DEE /* ExploreTitleView.swift in Sources */,
				9D2A73642C8E3B7100E34DEE /* PlaceCategoryCollectionViewCell.swift in Sources */,
				9D2A732A2C8D62FA00E34DEE /* HeaderView.swift in Sources */,
				9DC0F51A2C87E9EA00334822 /* Extension.swift in Sources */,
				9DC0F4F72C85AD3100334822 /* PlanViewController.swift in Sources */,
				9DC0F5122C8766F800334822 /* AttractionResponse.swift in Sources */,
				9DC0F5232C88F6C000334822 /* ViewController.swift in Sources */,
				9DC0F4F92C85AD3D00334822 /* ProfileViewController.swift in Sources */,
				9D2A73202C8AC16C00E34DEE /* DetailInfoTableview.swift in Sources */,
				9DC0F5092C86C95000334822 /* MainTableViewCell.swift in Sources */,
				9D2A73682C8EAEC000E34DEE /* PlaceIntroduceCollectionViewCell.swift in Sources */,
				9DC0F4BD2C8599F700334822 /* SceneDelegate.swift in Sources */,
				9D2A73542C8E202C00E34DEE /* ExploreContentView.swift in Sources */,
				9DC0F50E2C875A8F00334822 /* DetailViewController.swift in Sources */,
				9D2A73232C8B8EDE00E34DEE /* AttractionIntroInfo.swift in Sources */,
				9DC0F4F32C85AD2000334822 /* HomeViewController.swift in Sources */,
			);
			runOnlyForDeploymentPostprocessing = 0;
		};
		9DC0F4CC2C8599F900334822 /* Sources */ = {
			isa = PBXSourcesBuildPhase;
			buildActionMask = 2147483647;
			files = (
				9D2A73552C8E202C00E34DEE /* ExploreContentView.swift in Sources */,
				9D2A73402C8E106000E34DEE /* ExploreViewController.swift in Sources */,
				9D2A73692C8EAEC000E34DEE /* PlaceIntroduceCollectionViewCell.swift in Sources */,
				9D2A73612C8E303F00E34DEE /* ExploreCollectionView.swift in Sources */,
				9D2A73512C8E1F6000E34DEE /* ExploreBasicScrollView.swift in Sources */,
				9DC0F4D52C8599F900334822 /* TravelTourGuideTests.swift in Sources */,
				9D2A73652C8E3B7100E34DEE /* PlaceCategoryCollectionViewCell.swift in Sources */,
				9D2A735A2C8E24E600E34DEE /* ExploreTitleView.swift in Sources */,
			);
			runOnlyForDeploymentPostprocessing = 0;
		};
		9DC0F4D62C8599F900334822 /* Sources */ = {
			isa = PBXSourcesBuildPhase;
			buildActionMask = 2147483647;
			files = (
				9D2A73662C8E3B7100E34DEE /* PlaceCategoryCollectionViewCell.swift in Sources */,
				9D2A736A2C8EAEC000E34DEE /* PlaceIntroduceCollectionViewCell.swift in Sources */,
				9DC0F4DF2C8599F900334822 /* TravelTourGuideUITests.swift in Sources */,
				9DC0F4E12C8599F900334822 /* TravelTourGuideUITestsLaunchTests.swift in Sources */,
				9D2A73522C8E1F6000E34DEE /* ExploreBasicScrollView.swift in Sources */,
				9D2A73562C8E202C00E34DEE /* ExploreContentView.swift in Sources */,
				9D2A73622C8E303F00E34DEE /* ExploreCollectionView.swift in Sources */,
				9D2A73412C8E106000E34DEE /* ExploreViewController.swift in Sources */,
				9D2A735B2C8E24E600E34DEE /* ExploreTitleView.swift in Sources */,
			);
			runOnlyForDeploymentPostprocessing = 0;
		};
/* End PBXSourcesBuildPhase section */

/* Begin PBXTargetDependency section */
		9DC0F4D22C8599F900334822 /* PBXTargetDependency */ = {
			isa = PBXTargetDependency;
			target = 9DC0F4B62C8599F700334822 /* TravelTourGuide */;
			targetProxy = 9DC0F4D12C8599F900334822 /* PBXContainerItemProxy */;
		};
		9DC0F4DC2C8599F900334822 /* PBXTargetDependency */ = {
			isa = PBXTargetDependency;
			target = 9DC0F4B62C8599F700334822 /* TravelTourGuide */;
			targetProxy = 9DC0F4DB2C8599F900334822 /* PBXContainerItemProxy */;
		};
/* End PBXTargetDependency section */

/* Begin PBXVariantGroup section */
		9DC0F4C82C8599F800334822 /* LaunchScreen.storyboard */ = {
			isa = PBXVariantGroup;
			children = (
				9DC0F4C92C8599F800334822 /* Base */,
			);
			name = LaunchScreen.storyboard;
			sourceTree = "<group>";
		};
/* End PBXVariantGroup section */

/* Begin XCBuildConfiguration section */
		9DC0F4E22C8599F900334822 /* Debug */ = {
			isa = XCBuildConfiguration;
			buildSettings = {
				ALWAYS_SEARCH_USER_PATHS = NO;
				ASSETCATALOG_COMPILER_GENERATE_SWIFT_ASSET_SYMBOL_EXTENSIONS = YES;
				CLANG_ANALYZER_NONNULL = YES;
				CLANG_ANALYZER_NUMBER_OBJECT_CONVERSION = YES_AGGRESSIVE;
				CLANG_CXX_LANGUAGE_STANDARD = "gnu++20";
				CLANG_ENABLE_MODULES = YES;
				CLANG_ENABLE_OBJC_ARC = YES;
				CLANG_ENABLE_OBJC_WEAK = YES;
				CLANG_WARN_BLOCK_CAPTURE_AUTORELEASING = YES;
				CLANG_WARN_BOOL_CONVERSION = YES;
				CLANG_WARN_COMMA = YES;
				CLANG_WARN_CONSTANT_CONVERSION = YES;
				CLANG_WARN_DEPRECATED_OBJC_IMPLEMENTATIONS = YES;
				CLANG_WARN_DIRECT_OBJC_ISA_USAGE = YES_ERROR;
				CLANG_WARN_DOCUMENTATION_COMMENTS = YES;
				CLANG_WARN_EMPTY_BODY = YES;
				CLANG_WARN_ENUM_CONVERSION = YES;
				CLANG_WARN_INFINITE_RECURSION = YES;
				CLANG_WARN_INT_CONVERSION = YES;
				CLANG_WARN_NON_LITERAL_NULL_CONVERSION = YES;
				CLANG_WARN_OBJC_IMPLICIT_RETAIN_SELF = YES;
				CLANG_WARN_OBJC_LITERAL_CONVERSION = YES;
				CLANG_WARN_OBJC_ROOT_CLASS = YES_ERROR;
				CLANG_WARN_QUOTED_INCLUDE_IN_FRAMEWORK_HEADER = YES;
				CLANG_WARN_RANGE_LOOP_ANALYSIS = YES;
				CLANG_WARN_STRICT_PROTOTYPES = YES;
				CLANG_WARN_SUSPICIOUS_MOVE = YES;
				CLANG_WARN_UNGUARDED_AVAILABILITY = YES_AGGRESSIVE;
				CLANG_WARN_UNREACHABLE_CODE = YES;
				CLANG_WARN__DUPLICATE_METHOD_MATCH = YES;
				COPY_PHASE_STRIP = NO;
				DEBUG_INFORMATION_FORMAT = dwarf;
				ENABLE_STRICT_OBJC_MSGSEND = YES;
				ENABLE_TESTABILITY = YES;
				ENABLE_USER_SCRIPT_SANDBOXING = YES;
				GCC_C_LANGUAGE_STANDARD = gnu17;
				GCC_DYNAMIC_NO_PIC = NO;
				GCC_NO_COMMON_BLOCKS = YES;
				GCC_OPTIMIZATION_LEVEL = 0;
				GCC_PREPROCESSOR_DEFINITIONS = (
					"DEBUG=1",
					"$(inherited)",
				);
				GCC_WARN_64_TO_32_BIT_CONVERSION = YES;
				GCC_WARN_ABOUT_RETURN_TYPE = YES_ERROR;
				GCC_WARN_UNDECLARED_SELECTOR = YES;
				GCC_WARN_UNINITIALIZED_AUTOS = YES_AGGRESSIVE;
				GCC_WARN_UNUSED_FUNCTION = YES;
				GCC_WARN_UNUSED_VARIABLE = YES;
				IPHONEOS_DEPLOYMENT_TARGET = 17.5;
				LOCALIZATION_PREFERS_STRING_CATALOGS = YES;
				MTL_ENABLE_DEBUG_INFO = INCLUDE_SOURCE;
				MTL_FAST_MATH = YES;
				ONLY_ACTIVE_ARCH = YES;
				SDKROOT = iphoneos;
				SWIFT_ACTIVE_COMPILATION_CONDITIONS = "DEBUG $(inherited)";
				SWIFT_OPTIMIZATION_LEVEL = "-Onone";
			};
			name = Debug;
		};
		9DC0F4E32C8599F900334822 /* Release */ = {
			isa = XCBuildConfiguration;
			buildSettings = {
				ALWAYS_SEARCH_USER_PATHS = NO;
				ASSETCATALOG_COMPILER_GENERATE_SWIFT_ASSET_SYMBOL_EXTENSIONS = YES;
				CLANG_ANALYZER_NONNULL = YES;
				CLANG_ANALYZER_NUMBER_OBJECT_CONVERSION = YES_AGGRESSIVE;
				CLANG_CXX_LANGUAGE_STANDARD = "gnu++20";
				CLANG_ENABLE_MODULES = YES;
				CLANG_ENABLE_OBJC_ARC = YES;
				CLANG_ENABLE_OBJC_WEAK = YES;
				CLANG_WARN_BLOCK_CAPTURE_AUTORELEASING = YES;
				CLANG_WARN_BOOL_CONVERSION = YES;
				CLANG_WARN_COMMA = YES;
				CLANG_WARN_CONSTANT_CONVERSION = YES;
				CLANG_WARN_DEPRECATED_OBJC_IMPLEMENTATIONS = YES;
				CLANG_WARN_DIRECT_OBJC_ISA_USAGE = YES_ERROR;
				CLANG_WARN_DOCUMENTATION_COMMENTS = YES;
				CLANG_WARN_EMPTY_BODY = YES;
				CLANG_WARN_ENUM_CONVERSION = YES;
				CLANG_WARN_INFINITE_RECURSION = YES;
				CLANG_WARN_INT_CONVERSION = YES;
				CLANG_WARN_NON_LITERAL_NULL_CONVERSION = YES;
				CLANG_WARN_OBJC_IMPLICIT_RETAIN_SELF = YES;
				CLANG_WARN_OBJC_LITERAL_CONVERSION = YES;
				CLANG_WARN_OBJC_ROOT_CLASS = YES_ERROR;
				CLANG_WARN_QUOTED_INCLUDE_IN_FRAMEWORK_HEADER = YES;
				CLANG_WARN_RANGE_LOOP_ANALYSIS = YES;
				CLANG_WARN_STRICT_PROTOTYPES = YES;
				CLANG_WARN_SUSPICIOUS_MOVE = YES;
				CLANG_WARN_UNGUARDED_AVAILABILITY = YES_AGGRESSIVE;
				CLANG_WARN_UNREACHABLE_CODE = YES;
				CLANG_WARN__DUPLICATE_METHOD_MATCH = YES;
				COPY_PHASE_STRIP = NO;
				DEBUG_INFORMATION_FORMAT = "dwarf-with-dsym";
				ENABLE_NS_ASSERTIONS = NO;
				ENABLE_STRICT_OBJC_MSGSEND = YES;
				ENABLE_USER_SCRIPT_SANDBOXING = YES;
				GCC_C_LANGUAGE_STANDARD = gnu17;
				GCC_NO_COMMON_BLOCKS = YES;
				GCC_WARN_64_TO_32_BIT_CONVERSION = YES;
				GCC_WARN_ABOUT_RETURN_TYPE = YES_ERROR;
				GCC_WARN_UNDECLARED_SELECTOR = YES;
				GCC_WARN_UNINITIALIZED_AUTOS = YES_AGGRESSIVE;
				GCC_WARN_UNUSED_FUNCTION = YES;
				GCC_WARN_UNUSED_VARIABLE = YES;
				IPHONEOS_DEPLOYMENT_TARGET = 17.5;
				LOCALIZATION_PREFERS_STRING_CATALOGS = YES;
				MTL_ENABLE_DEBUG_INFO = NO;
				MTL_FAST_MATH = YES;
				SDKROOT = iphoneos;
				SWIFT_COMPILATION_MODE = wholemodule;
				VALIDATE_PRODUCT = YES;
			};
			name = Release;
		};
		9DC0F4E52C8599F900334822 /* Debug */ = {
			isa = XCBuildConfiguration;
			buildSettings = {
				ASSETCATALOG_COMPILER_APPICON_NAME = TravelIcon;
				ASSETCATALOG_COMPILER_GLOBAL_ACCENT_COLOR_NAME = AccentColor;
				ASSETCATALOG_COMPILER_INCLUDE_ALL_APPICON_ASSETS = NO;
				CODE_SIGN_STYLE = Automatic;
				CURRENT_PROJECT_VERSION = 1;
				DEVELOPMENT_TEAM = P9NXT375QP;
				GENERATE_INFOPLIST_FILE = YES;
				INFOPLIST_FILE = TravelTourGuide/Info.plist;
				INFOPLIST_KEY_CFBundleDisplayName = TravelTripTour;
				INFOPLIST_KEY_UIApplicationSupportsIndirectInputEvents = YES;
				INFOPLIST_KEY_UILaunchStoryboardName = LaunchScreen;
				INFOPLIST_KEY_UISupportedInterfaceOrientations = UIInterfaceOrientationPortrait;
				IPHONEOS_DEPLOYMENT_TARGET = 17.0;
				LD_RUNPATH_SEARCH_PATHS = (
					"$(inherited)",
					"@executable_path/Frameworks",
				);
				MARKETING_VERSION = 1.0;
				PRODUCT_BUNDLE_IDENTIFIER = com.jungguen.TravelTourGuide;
				PRODUCT_NAME = "$(TARGET_NAME)";
				SUPPORTED_PLATFORMS = "iphoneos iphonesimulator";
				SUPPORTS_MACCATALYST = NO;
				SUPPORTS_MAC_DESIGNED_FOR_IPHONE_IPAD = NO;
				SUPPORTS_XR_DESIGNED_FOR_IPHONE_IPAD = NO;
				SWIFT_EMIT_LOC_STRINGS = YES;
				SWIFT_VERSION = 5.0;
				TARGETED_DEVICE_FAMILY = 1;
			};
			name = Debug;
		};
		9DC0F4E62C8599F900334822 /* Release */ = {
			isa = XCBuildConfiguration;
			buildSettings = {
				ASSETCATALOG_COMPILER_APPICON_NAME = TravelIcon;
				ASSETCATALOG_COMPILER_GLOBAL_ACCENT_COLOR_NAME = AccentColor;
				ASSETCATALOG_COMPILER_INCLUDE_ALL_APPICON_ASSETS = NO;
				CODE_SIGN_STYLE = Automatic;
				CURRENT_PROJECT_VERSION = 1;
				DEVELOPMENT_TEAM = P9NXT375QP;
				GENERATE_INFOPLIST_FILE = YES;
				INFOPLIST_FILE = TravelTourGuide/Info.plist;
				INFOPLIST_KEY_CFBundleDisplayName = TravelTripTour;
				INFOPLIST_KEY_UIApplicationSupportsIndirectInputEvents = YES;
				INFOPLIST_KEY_UILaunchStoryboardName = LaunchScreen;
				INFOPLIST_KEY_UISupportedInterfaceOrientations = UIInterfaceOrientationPortrait;
				IPHONEOS_DEPLOYMENT_TARGET = 17.0;
				LD_RUNPATH_SEARCH_PATHS = (
					"$(inherited)",
					"@executable_path/Frameworks",
				);
				MARKETING_VERSION = 1.0;
				PRODUCT_BUNDLE_IDENTIFIER = com.jungguen.TravelTourGuide;
				PRODUCT_NAME = "$(TARGET_NAME)";
				SUPPORTED_PLATFORMS = "iphoneos iphonesimulator";
				SUPPORTS_MACCATALYST = NO;
				SUPPORTS_MAC_DESIGNED_FOR_IPHONE_IPAD = NO;
				SUPPORTS_XR_DESIGNED_FOR_IPHONE_IPAD = NO;
				SWIFT_EMIT_LOC_STRINGS = YES;
				SWIFT_VERSION = 5.0;
				TARGETED_DEVICE_FAMILY = 1;
			};
			name = Release;
		};
		9DC0F4E82C8599F900334822 /* Debug */ = {
			isa = XCBuildConfiguration;
			buildSettings = {
				ALWAYS_EMBED_SWIFT_STANDARD_LIBRARIES = YES;
				BUNDLE_LOADER = "$(TEST_HOST)";
				CODE_SIGN_STYLE = Automatic;
				CURRENT_PROJECT_VERSION = 1;
				DEVELOPMENT_TEAM = P9NXT375QP;
				GENERATE_INFOPLIST_FILE = YES;
				IPHONEOS_DEPLOYMENT_TARGET = 17.5;
				MARKETING_VERSION = 1.0;
				PRODUCT_BUNDLE_IDENTIFIER = com.jungguen.TravelTourGuideTests;
				PRODUCT_NAME = "$(TARGET_NAME)";
				SWIFT_EMIT_LOC_STRINGS = NO;
				SWIFT_VERSION = 5.0;
				TARGETED_DEVICE_FAMILY = "1,2";
				TEST_HOST = "$(BUILT_PRODUCTS_DIR)/TravelTourGuide.app/$(BUNDLE_EXECUTABLE_FOLDER_PATH)/TravelTourGuide";
			};
			name = Debug;
		};
		9DC0F4E92C8599F900334822 /* Release */ = {
			isa = XCBuildConfiguration;
			buildSettings = {
				ALWAYS_EMBED_SWIFT_STANDARD_LIBRARIES = YES;
				BUNDLE_LOADER = "$(TEST_HOST)";
				CODE_SIGN_STYLE = Automatic;
				CURRENT_PROJECT_VERSION = 1;
				DEVELOPMENT_TEAM = P9NXT375QP;
				GENERATE_INFOPLIST_FILE = YES;
				IPHONEOS_DEPLOYMENT_TARGET = 17.5;
				MARKETING_VERSION = 1.0;
				PRODUCT_BUNDLE_IDENTIFIER = com.jungguen.TravelTourGuideTests;
				PRODUCT_NAME = "$(TARGET_NAME)";
				SWIFT_EMIT_LOC_STRINGS = NO;
				SWIFT_VERSION = 5.0;
				TARGETED_DEVICE_FAMILY = "1,2";
				TEST_HOST = "$(BUILT_PRODUCTS_DIR)/TravelTourGuide.app/$(BUNDLE_EXECUTABLE_FOLDER_PATH)/TravelTourGuide";
			};
			name = Release;
		};
		9DC0F4EB2C8599F900334822 /* Debug */ = {
			isa = XCBuildConfiguration;
			buildSettings = {
				ALWAYS_EMBED_SWIFT_STANDARD_LIBRARIES = YES;
				CODE_SIGN_STYLE = Automatic;
				CURRENT_PROJECT_VERSION = 1;
				DEVELOPMENT_TEAM = P9NXT375QP;
				GENERATE_INFOPLIST_FILE = YES;
				MARKETING_VERSION = 1.0;
				PRODUCT_BUNDLE_IDENTIFIER = com.jungguen.TravelTourGuideUITests;
				PRODUCT_NAME = "$(TARGET_NAME)";
				SWIFT_EMIT_LOC_STRINGS = NO;
				SWIFT_VERSION = 5.0;
				TARGETED_DEVICE_FAMILY = "1,2";
				TEST_TARGET_NAME = TravelTourGuide;
			};
			name = Debug;
		};
		9DC0F4EC2C8599F900334822 /* Release */ = {
			isa = XCBuildConfiguration;
			buildSettings = {
				ALWAYS_EMBED_SWIFT_STANDARD_LIBRARIES = YES;
				CODE_SIGN_STYLE = Automatic;
				CURRENT_PROJECT_VERSION = 1;
				DEVELOPMENT_TEAM = P9NXT375QP;
				GENERATE_INFOPLIST_FILE = YES;
				MARKETING_VERSION = 1.0;
				PRODUCT_BUNDLE_IDENTIFIER = com.jungguen.TravelTourGuideUITests;
				PRODUCT_NAME = "$(TARGET_NAME)";
				SWIFT_EMIT_LOC_STRINGS = NO;
				SWIFT_VERSION = 5.0;
				TARGETED_DEVICE_FAMILY = "1,2";
				TEST_TARGET_NAME = TravelTourGuide;
			};
			name = Release;
		};
/* End XCBuildConfiguration section */

/* Begin XCConfigurationList section */
		9DC0F4B22C8599F700334822 /* Build configuration list for PBXProject "TravelTourGuide" */ = {
			isa = XCConfigurationList;
			buildConfigurations = (
				9DC0F4E22C8599F900334822 /* Debug */,
				9DC0F4E32C8599F900334822 /* Release */,
			);
			defaultConfigurationIsVisible = 0;
			defaultConfigurationName = Release;
		};
		9DC0F4E42C8599F900334822 /* Build configuration list for PBXNativeTarget "TravelTourGuide" */ = {
			isa = XCConfigurationList;
			buildConfigurations = (
				9DC0F4E52C8599F900334822 /* Debug */,
				9DC0F4E62C8599F900334822 /* Release */,
			);
			defaultConfigurationIsVisible = 0;
			defaultConfigurationName = Release;
		};
		9DC0F4E72C8599F900334822 /* Build configuration list for PBXNativeTarget "TravelTourGuideTests" */ = {
			isa = XCConfigurationList;
			buildConfigurations = (
				9DC0F4E82C8599F900334822 /* Debug */,
				9DC0F4E92C8599F900334822 /* Release */,
			);
			defaultConfigurationIsVisible = 0;
			defaultConfigurationName = Release;
		};
		9DC0F4EA2C8599F900334822 /* Build configuration list for PBXNativeTarget "TravelTourGuideUITests" */ = {
			isa = XCConfigurationList;
			buildConfigurations = (
				9DC0F4EB2C8599F900334822 /* Debug */,
				9DC0F4EC2C8599F900334822 /* Release */,
			);
			defaultConfigurationIsVisible = 0;
			defaultConfigurationName = Release;
		};
/* End XCConfigurationList section */

/* Begin XCRemoteSwiftPackageReference section */
		9DC0F5132C87678700334822 /* XCRemoteSwiftPackageReference "SDWebImage" */ = {
			isa = XCRemoteSwiftPackageReference;
			repositoryURL = "https://github.com/SDWebImage/SDWebImage.git";
			requirement = {
				kind = upToNextMajorVersion;
				minimumVersion = 5.19.7;
			};
		};
/* End XCRemoteSwiftPackageReference section */

/* Begin XCSwiftPackageProductDependency section */
		9DC0F5142C87678700334822 /* SDWebImage */ = {
			isa = XCSwiftPackageProductDependency;
			package = 9DC0F5132C87678700334822 /* XCRemoteSwiftPackageReference "SDWebImage" */;
			productName = SDWebImage;
		};
		9DC0F5162C87678700334822 /* SDWebImageMapKit */ = {
			isa = XCSwiftPackageProductDependency;
			package = 9DC0F5132C87678700334822 /* XCRemoteSwiftPackageReference "SDWebImage" */;
			productName = SDWebImageMapKit;
		};
/* End XCSwiftPackageProductDependency section */

/* Begin XCVersionGroup section */
		9DC0F4C32C8599F700334822 /* TravelTourGuide.xcdatamodeld */ = {
			isa = XCVersionGroup;
			children = (
				9DC0F4C42C8599F700334822 /* TravelTourGuide.xcdatamodel */,
			);
			currentVersion = 9DC0F4C42C8599F700334822 /* TravelTourGuide.xcdatamodel */;
			path = TravelTourGuide.xcdatamodeld;
			sourceTree = "<group>";
			versionGroupType = wrapper.xcdatamodel;
		};
/* End XCVersionGroup section */
	};
	rootObject = 9DC0F4AF2C8599F700334822 /* Project object */;
}
